
Microsoft Visual Studio Solution File, Format Version 12.00
# Visual Studio Version 17
VisualStudioVersion = 17.0.31903.59
MinimumVisualStudioVersion = 10.0.40219.1
Project("{2150E333-8FDC-42A3-9474-1A3956D46DE8}") = "src", "src", "{42E2F6CA-200F-471D-B92A-4D0961AB35E8}"
EndProject
Project("{2150E333-8FDC-42A3-9474-1A3956D46DE8}") = "Solution Items", "Solution Items", "{D2D0E3C7-C38F-4A99-AA22-03D925C266D5}"
	ProjectSection(SolutionItems) = preProject
		common.props = common.props
		Directory.Build.props = Directory.Build.props
		LICENSE = LICENSE
		README.md = README.md
	EndProjectSection
EndProject
Project("{2150E333-8FDC-42A3-9474-1A3956D46DE8}") = "extensions", "extensions", "{51193157-69C2-4BB0-B5F1-D3E1B5960245}"
EndProject
Project("{2150E333-8FDC-42A3-9474-1A3956D46DE8}") = "test", "test", "{29BF66BA-1E0D-4550-BAA5-8917E558A6D1}"
EndProject
Project("{9A19103F-16F7-4668-BE54-9A1E7A4F7556}") = "Wodsoft.ComBoost", "src\Wodsoft.ComBoost\Wodsoft.ComBoost.csproj", "{05D4B0A9-B451-47B1-9654-5C0244966F14}"
EndProject
Project("{9A19103F-16F7-4668-BE54-9A1E7A4F7556}") = "Wodsoft.ComBoost.Security", "src\Wodsoft.ComBoost.Security\Wodsoft.ComBoost.Security.csproj", "{5C37BAF1-EEB0-4A1E-878D-AA1CF641F8BC}"
EndProject
Project("{9A19103F-16F7-4668-BE54-9A1E7A4F7556}") = "Wodsoft.ComBoost.Mvc", "src\Wodsoft.ComBoost.Mvc\Wodsoft.ComBoost.Mvc.csproj", "{4D03067A-1315-4163-887E-AB63FDBF835D}"
EndProject
Project("{9A19103F-16F7-4668-BE54-9A1E7A4F7556}") = "Wodsoft.ComBoost.Data", "src\Wodsoft.ComBoost.Data\Wodsoft.ComBoost.Data.csproj", "{CEA8BB99-9E86-4594-99E2-9D0B43036EAF}"
EndProject
Project("{9A19103F-16F7-4668-BE54-9A1E7A4F7556}") = "Wodsoft.ComBoost.Mvc.Data", "src\Wodsoft.ComBoost.Mvc.Data\Wodsoft.ComBoost.Mvc.Data.csproj", "{B9B987C5-66F6-4DC9-A628-00E2A836A1A7}"
EndProject
Project("{9A19103F-16F7-4668-BE54-9A1E7A4F7556}") = "Wodsoft.ComBoost.Core", "src\Wodsoft.ComBoost.Core\Wodsoft.ComBoost.Core.csproj", "{BE0F297A-C084-4959-AE4D-68709C415AA1}"
EndProject
Project("{9A19103F-16F7-4668-BE54-9A1E7A4F7556}") = "Wodsoft.ComBoost.EntityFrameworkCore", "src\Wodsoft.ComBoost.EntityFrameworkCore\Wodsoft.ComBoost.EntityFrameworkCore.csproj", "{833CD0DC-15C1-4D0B-BD97-6E05B51A37CB}"
EndProject
Project("{9A19103F-16F7-4668-BE54-9A1E7A4F7556}") = "Wodsoft.ComBoost.EntityFramework", "src\Wodsoft.ComBoost.EntityFramework\Wodsoft.ComBoost.EntityFramework.csproj", "{45011749-94FF-4DAD-BDEF-AC228875A78E}"
EndProject
Project("{9A19103F-16F7-4668-BE54-9A1E7A4F7556}") = "Wodsoft.ComBoost.Data.Core", "src\Wodsoft.ComBoost.Data.Core\Wodsoft.ComBoost.Data.Core.csproj", "{C6527B3C-B42C-4CEE-8B10-D8FF8483B568}"
EndProject
Project("{9A19103F-16F7-4668-BE54-9A1E7A4F7556}") = "Wodsoft.ComBoost.Storage", "src\Wodsoft.ComBoost.Storage\Wodsoft.ComBoost.Storage.csproj", "{274ED3FB-FDED-4145-A836-768C0C2F63CD}"
EndProject
Project("{9A19103F-16F7-4668-BE54-9A1E7A4F7556}") = "Wodsoft.ComBoost.Mock", "src\Wodsoft.ComBoost.Mock\Wodsoft.ComBoost.Mock.csproj", "{5EDA9544-65F9-4F23-9981-F10855BEDFAB}"
EndProject
Project("{9A19103F-16F7-4668-BE54-9A1E7A4F7556}") = "Wodsoft.ComBoost.AspNetCore", "src\Wodsoft.ComBoost.AspNetCore\Wodsoft.ComBoost.AspNetCore.csproj", "{BB1A66B6-FDB0-4EB7-92FA-A74633A303FB}"
EndProject
Project("{2150E333-8FDC-42A3-9474-1A3956D46DE8}") = "gRPC", "gRPC", "{FB74BD6B-B1B1-4038-B071-D378AE3E60CE}"
EndProject
Project("{9A19103F-16F7-4668-BE54-9A1E7A4F7556}") = "Wodsoft.ComBoost.Grpc.AspNetCore", "src\Wodsoft.ComBoost.Grpc.AspNetCore\Wodsoft.ComBoost.Grpc.AspNetCore.csproj", "{EC652E4E-6ECB-4C8F-8937-6304970248FD}"
EndProject
Project("{9A19103F-16F7-4668-BE54-9A1E7A4F7556}") = "Wodsoft.ComBoost.Distributed", "src\Wodsoft.ComBoost.Distributed\Wodsoft.ComBoost.Distributed.csproj", "{2F7D3E27-9345-4B53-9A66-5968FF3A8335}"
EndProject
Project("{9A19103F-16F7-4668-BE54-9A1E7A4F7556}") = "Wodsoft.ComBoost.Grpc", "src\Wodsoft.ComBoost.Grpc\Wodsoft.ComBoost.Grpc.csproj", "{43A03A71-DDBD-48E0-B331-A7A7C9235560}"
EndProject
Project("{9A19103F-16F7-4668-BE54-9A1E7A4F7556}") = "Wodsoft.ComBoost.Grpc.Test", "test\Wodsoft.ComBoost.Grpc.Test\Wodsoft.ComBoost.Grpc.Test.csproj", "{3E1B38B2-8AC0-4BCD-A5C9-5AD251110C9C}"
EndProject
Project("{9A19103F-16F7-4668-BE54-9A1E7A4F7556}") = "Wodsoft.ComBoost.Test.Common", "test\Wodsoft.ComBoost.Test.Common\Wodsoft.ComBoost.Test.Common.csproj", "{94858A9B-CFA9-4C8B-9716-BBBD6D08BD69}"
EndProject
Project("{9A19103F-16F7-4668-BE54-9A1E7A4F7556}") = "Wodsoft.ComBoost.Extensions.Authentication", "src\extensions\Wodsoft.ComBoost.Extensions.Authentication\Wodsoft.ComBoost.Extensions.Authentication.csproj", "{D04A9ADD-2B19-4522-9134-6551CE90C936}"
EndProject
Project("{9A19103F-16F7-4668-BE54-9A1E7A4F7556}") = "Wodsoft.ComBoost.Test", "test\Wodsoft.ComBoost.Test\Wodsoft.ComBoost.Test.csproj", "{E10137A3-9D52-4702-9BFD-66CC85EFE8F4}"
EndProject
Project("{9A19103F-16F7-4668-BE54-9A1E7A4F7556}") = "Wodsoft.ComBoost.Grpc.Client", "src\Wodsoft.ComBoost.Grpc.Client\Wodsoft.ComBoost.Grpc.Client.csproj", "{431A2CD6-017B-4D51-927B-51D4EE7C1A84}"
EndProject
Project("{9A19103F-16F7-4668-BE54-9A1E7A4F7556}") = "Wodsoft.ComBoost.Distributed.CAP", "src\Wodsoft.ComBoost.Distributed.CAP\Wodsoft.ComBoost.Distributed.CAP.csproj", "{593872AE-5C13-457B-82B8-51FB80384DC4}"
EndProject
Project("{9A19103F-16F7-4668-BE54-9A1E7A4F7556}") = "Wodsoft.ComBoost.AspNetCore.Test", "test\Wodsoft.ComBoost.AspNetCore.Test\Wodsoft.ComBoost.AspNetCore.Test.csproj", "{A929C50C-B305-4862-BA53-39952419F003}"
EndProject
Project("{9A19103F-16F7-4668-BE54-9A1E7A4F7556}") = "Wodsoft.ComBoost.Mvc.Data.Test", "test\Wodsoft.ComBoost.Mvc.Data.Test\Wodsoft.ComBoost.Mvc.Data.Test.csproj", "{2C1413F2-5B20-46E3-B63B-44702B7A4861}"
EndProject
Project("{9A19103F-16F7-4668-BE54-9A1E7A4F7556}") = "Wodsoft.ComBoost.Data.Test", "test\Wodsoft.ComBoost.Data.Test\Wodsoft.ComBoost.Data.Test.csproj", "{9D6CDADE-81F3-418A-ADB5-775531F96F33}"
EndProject
Project("{9A19103F-16F7-4668-BE54-9A1E7A4F7556}") = "Wodsoft.ComBoost.EntityFrameworkCore.Test", "test\Wodsoft.ComBoost.EntityFrameworkCore.Test\Wodsoft.ComBoost.EntityFrameworkCore.Test.csproj", "{8E9D38B2-FE3F-43AC-909D-E468B1724CC7}"
EndProject
Project("{9A19103F-16F7-4668-BE54-9A1E7A4F7556}") = "Wodsoft.ComBoost.EntityFramework.Test", "test\Wodsoft.ComBoost.EntityFramework.Test\Wodsoft.ComBoost.EntityFramework.Test.csproj", "{496CD7AD-4286-4E08-B6F4-58CF401FE638}"
EndProject
Project("{9A19103F-16F7-4668-BE54-9A1E7A4F7556}") = "Wodsoft.ComBoost.Mvc.Test", "test\Wodsoft.ComBoost.Mvc.Test\Wodsoft.ComBoost.Mvc.Test.csproj", "{DD6ABF7C-239D-4FA2-AEE2-837D4D96871A}"
EndProject
Project("{9A19103F-16F7-4668-BE54-9A1E7A4F7556}") = "Wodsoft.ComBoost.Distributed.RabbitMQ", "src\Wodsoft.ComBoost.Distributed.RabbitMQ\Wodsoft.ComBoost.Distributed.RabbitMQ.csproj", "{E713BB45-791D-4A26-97B5-965578706E16}"
EndProject
Project("{9A19103F-16F7-4668-BE54-9A1E7A4F7556}") = "Wodsoft.ComBoost.Distributed.RabbitMQ.Test", "test\Wodsoft.ComBoost.Distributed.RabbitMQ.Test\Wodsoft.ComBoost.Distributed.RabbitMQ.Test.csproj", "{1DEEFD83-EFDA-42E3-91E9-EB976346B3CE}"
EndProject
Project("{9A19103F-16F7-4668-BE54-9A1E7A4F7556}") = "Wodsoft.ComBoost.Distributed.CAP.Test", "test\Wodsoft.ComBoost.Distributed.CAP.Test\Wodsoft.ComBoost.Distributed.CAP.Test.csproj", "{E10F08E5-E70C-4BE0-83E7-7D69746D5E66}"
EndProject
Project("{9A19103F-16F7-4668-BE54-9A1E7A4F7556}") = "Wodsoft.ComBoost.Aggregation", "src\Wodsoft.ComBoost.Aggregation\Wodsoft.ComBoost.Aggregation.csproj", "{41264D40-56E8-49C4-BE33-91C5CD834811}"
EndProject
Project("{9A19103F-16F7-4668-BE54-9A1E7A4F7556}") = "Wodsoft.ComBoost.Aggregation.Mvc", "src\Wodsoft.ComBoost.Aggregation.Mvc\Wodsoft.ComBoost.Aggregation.Mvc.csproj", "{0D5D0661-D9C7-429E-BACE-50B4999235B8}"
EndProject
Project("{2150E333-8FDC-42A3-9474-1A3956D46DE8}") = "aggregation", "aggregation", "{8CD0BFB3-4317-44C0-921A-8062FA141CA8}"
EndProject
Project("{9A19103F-16F7-4668-BE54-9A1E7A4F7556}") = "Wodsoft.ComBoost.Aggregation.Caching", "src\Wodsoft.ComBoost.Aggregation.Caching\Wodsoft.ComBoost.Aggregation.Caching.csproj", "{289A528E-1902-4F3B-A480-45D861E34084}"
EndProject
Project("{9A19103F-16F7-4668-BE54-9A1E7A4F7556}") = "Wodsoft.ComBoost.Aggregation.Data", "src\Wodsoft.ComBoost.Aggregation.Data\Wodsoft.ComBoost.Aggregation.Data.csproj", "{7058CB44-E426-43F1-A4BE-DE3334B9F810}"
EndProject
Project("{9A19103F-16F7-4668-BE54-9A1E7A4F7556}") = "Wodsoft.ComBoost.Aggregation.Test", "test\Wodsoft.ComBoost.Aggregation.Test\Wodsoft.ComBoost.Aggregation.Test.csproj", "{EE5B4D7C-C518-492F-8B3B-D1617F87A08A}"
EndProject
Project("{9A19103F-16F7-4668-BE54-9A1E7A4F7556}") = "Wodsoft.ComBoost.Aggregation.Json", "src\Wodsoft.ComBoost.Aggregation.Json\Wodsoft.ComBoost.Aggregation.Json.csproj", "{B9C7A664-245B-43C7-B00D-8B90DAA778F8}"
EndProject
Project("{9A19103F-16F7-4668-BE54-9A1E7A4F7556}") = "Wodsoft.ComBoost.Aggregation.NewtonsoftJson", "src\Wodsoft.ComBoost.Aggregation.NewtonsoftJson\Wodsoft.ComBoost.Aggregation.NewtonsoftJson.csproj", "{CB805225-45B7-4462-BD86-A618C4E56467}"
EndProject
Project("{9A19103F-16F7-4668-BE54-9A1E7A4F7556}") = "Wodsoft.ComBoost.Aggregation.Core", "src\Wodsoft.ComBoost.Aggregation.Core\Wodsoft.ComBoost.Aggregation.Core.csproj", "{958F33D4-45DB-4576-B506-2D28ACE1BE69}"
EndProject
Project("{9A19103F-16F7-4668-BE54-9A1E7A4F7556}") = "Wodsoft.ComBoost.Aggregation.Caching.Data", "src\Wodsoft.ComBoost.Aggregation.Caching.Data\Wodsoft.ComBoost.Aggregation.Caching.Data.csproj", "{6BD0352F-4532-4D12-B445-5CF85ACB7547}"
EndProject
Project("{9A19103F-16F7-4668-BE54-9A1E7A4F7556}") = "Wodsoft.ComBoost.SourceGenerators", "src\Wodsoft.ComBoost.SourceGenerators\Wodsoft.ComBoost.SourceGenerators.csproj", "{CB1DAC67-AC07-42F1-8F22-F27E3E9D13EF}"
EndProject
Project("{9A19103F-16F7-4668-BE54-9A1E7A4F7556}") = "Wodsoft.ComBoost.SourceGenerators.Test", "test\Wodsoft.ComBoost.SourceGenerators.Test\Wodsoft.ComBoost.SourceGenerators.Test.csproj", "{9229FB76-2FF8-4075-90D6-A2C7447F4A51}"
EndProject
Project("{9A19103F-16F7-4668-BE54-9A1E7A4F7556}") = "Wodsoft.ComBoost.Mock.Test", "test\Wodsoft.ComBoost.Mock.Test\Wodsoft.ComBoost.Mock.Test.csproj", "{4516880B-6F25-4C83-A684-881F8B651FAE}"
EndProject
Project("{9A19103F-16F7-4668-BE54-9A1E7A4F7556}") = "Wodsoft.ComBoost.StackExchangeRedis", "src\Wodsoft.ComBoost.StackExchangeRedis\Wodsoft.ComBoost.StackExchangeRedis.csproj", "{C4969CEC-9804-41B0-A63C-EF327D1DCB81}"
EndProject
Project("{9A19103F-16F7-4668-BE54-9A1E7A4F7556}") = "Wodsoft.ComBoost.SourceGenerators.AspNetCore", "src\Wodsoft.ComBoost.SourceGenerators.AspNetCore\Wodsoft.ComBoost.SourceGenerators.AspNetCore.csproj", "{F7047059-72E2-40B3-81B3-1EEB63360CCA}"
EndProject
Global
	GlobalSection(SolutionConfigurationPlatforms) = preSolution
		Debug|Any CPU = Debug|Any CPU
		Debug|ARM = Debug|ARM
		Debug|x86 = Debug|x86
		Release|Any CPU = Release|Any CPU
		Release|ARM = Release|ARM
		Release|x86 = Release|x86
	EndGlobalSection
	GlobalSection(ProjectConfigurationPlatforms) = postSolution
		{05D4B0A9-B451-47B1-9654-5C0244966F14}.Debug|Any CPU.ActiveCfg = Debug|Any CPU
		{05D4B0A9-B451-47B1-9654-5C0244966F14}.Debug|Any CPU.Build.0 = Debug|Any CPU
		{05D4B0A9-B451-47B1-9654-5C0244966F14}.Debug|ARM.ActiveCfg = Debug|Any CPU
		{05D4B0A9-B451-47B1-9654-5C0244966F14}.Debug|ARM.Build.0 = Debug|Any CPU
		{05D4B0A9-B451-47B1-9654-5C0244966F14}.Debug|x86.ActiveCfg = Debug|Any CPU
		{05D4B0A9-B451-47B1-9654-5C0244966F14}.Debug|x86.Build.0 = Debug|Any CPU
		{05D4B0A9-B451-47B1-9654-5C0244966F14}.Release|Any CPU.ActiveCfg = Release|Any CPU
		{05D4B0A9-B451-47B1-9654-5C0244966F14}.Release|Any CPU.Build.0 = Release|Any CPU
		{05D4B0A9-B451-47B1-9654-5C0244966F14}.Release|ARM.ActiveCfg = Release|Any CPU
		{05D4B0A9-B451-47B1-9654-5C0244966F14}.Release|ARM.Build.0 = Release|Any CPU
		{05D4B0A9-B451-47B1-9654-5C0244966F14}.Release|x86.ActiveCfg = Release|Any CPU
		{05D4B0A9-B451-47B1-9654-5C0244966F14}.Release|x86.Build.0 = Release|Any CPU
		{5C37BAF1-EEB0-4A1E-878D-AA1CF641F8BC}.Debug|Any CPU.ActiveCfg = Debug|Any CPU
		{5C37BAF1-EEB0-4A1E-878D-AA1CF641F8BC}.Debug|Any CPU.Build.0 = Debug|Any CPU
		{5C37BAF1-EEB0-4A1E-878D-AA1CF641F8BC}.Debug|ARM.ActiveCfg = Debug|Any CPU
		{5C37BAF1-EEB0-4A1E-878D-AA1CF641F8BC}.Debug|ARM.Build.0 = Debug|Any CPU
		{5C37BAF1-EEB0-4A1E-878D-AA1CF641F8BC}.Debug|x86.ActiveCfg = Debug|Any CPU
		{5C37BAF1-EEB0-4A1E-878D-AA1CF641F8BC}.Debug|x86.Build.0 = Debug|Any CPU
		{5C37BAF1-EEB0-4A1E-878D-AA1CF641F8BC}.Release|Any CPU.ActiveCfg = Release|Any CPU
		{5C37BAF1-EEB0-4A1E-878D-AA1CF641F8BC}.Release|Any CPU.Build.0 = Release|Any CPU
		{5C37BAF1-EEB0-4A1E-878D-AA1CF641F8BC}.Release|ARM.ActiveCfg = Release|Any CPU
		{5C37BAF1-EEB0-4A1E-878D-AA1CF641F8BC}.Release|ARM.Build.0 = Release|Any CPU
		{5C37BAF1-EEB0-4A1E-878D-AA1CF641F8BC}.Release|x86.ActiveCfg = Release|Any CPU
		{5C37BAF1-EEB0-4A1E-878D-AA1CF641F8BC}.Release|x86.Build.0 = Release|Any CPU
		{4D03067A-1315-4163-887E-AB63FDBF835D}.Debug|Any CPU.ActiveCfg = Debug|Any CPU
		{4D03067A-1315-4163-887E-AB63FDBF835D}.Debug|Any CPU.Build.0 = Debug|Any CPU
		{4D03067A-1315-4163-887E-AB63FDBF835D}.Debug|ARM.ActiveCfg = Debug|Any CPU
		{4D03067A-1315-4163-887E-AB63FDBF835D}.Debug|ARM.Build.0 = Debug|Any CPU
		{4D03067A-1315-4163-887E-AB63FDBF835D}.Debug|x86.ActiveCfg = Debug|Any CPU
		{4D03067A-1315-4163-887E-AB63FDBF835D}.Debug|x86.Build.0 = Debug|Any CPU
		{4D03067A-1315-4163-887E-AB63FDBF835D}.Release|Any CPU.ActiveCfg = Release|Any CPU
		{4D03067A-1315-4163-887E-AB63FDBF835D}.Release|Any CPU.Build.0 = Release|Any CPU
		{4D03067A-1315-4163-887E-AB63FDBF835D}.Release|ARM.ActiveCfg = Release|Any CPU
		{4D03067A-1315-4163-887E-AB63FDBF835D}.Release|ARM.Build.0 = Release|Any CPU
		{4D03067A-1315-4163-887E-AB63FDBF835D}.Release|x86.ActiveCfg = Release|Any CPU
		{4D03067A-1315-4163-887E-AB63FDBF835D}.Release|x86.Build.0 = Release|Any CPU
		{CEA8BB99-9E86-4594-99E2-9D0B43036EAF}.Debug|Any CPU.ActiveCfg = Debug|Any CPU
		{CEA8BB99-9E86-4594-99E2-9D0B43036EAF}.Debug|Any CPU.Build.0 = Debug|Any CPU
		{CEA8BB99-9E86-4594-99E2-9D0B43036EAF}.Debug|ARM.ActiveCfg = Debug|Any CPU
		{CEA8BB99-9E86-4594-99E2-9D0B43036EAF}.Debug|ARM.Build.0 = Debug|Any CPU
		{CEA8BB99-9E86-4594-99E2-9D0B43036EAF}.Debug|x86.ActiveCfg = Debug|Any CPU
		{CEA8BB99-9E86-4594-99E2-9D0B43036EAF}.Debug|x86.Build.0 = Debug|Any CPU
		{CEA8BB99-9E86-4594-99E2-9D0B43036EAF}.Release|Any CPU.ActiveCfg = Release|Any CPU
		{CEA8BB99-9E86-4594-99E2-9D0B43036EAF}.Release|Any CPU.Build.0 = Release|Any CPU
		{CEA8BB99-9E86-4594-99E2-9D0B43036EAF}.Release|ARM.ActiveCfg = Release|Any CPU
		{CEA8BB99-9E86-4594-99E2-9D0B43036EAF}.Release|ARM.Build.0 = Release|Any CPU
		{CEA8BB99-9E86-4594-99E2-9D0B43036EAF}.Release|x86.ActiveCfg = Release|Any CPU
		{CEA8BB99-9E86-4594-99E2-9D0B43036EAF}.Release|x86.Build.0 = Release|Any CPU
		{B9B987C5-66F6-4DC9-A628-00E2A836A1A7}.Debug|Any CPU.ActiveCfg = Debug|Any CPU
		{B9B987C5-66F6-4DC9-A628-00E2A836A1A7}.Debug|Any CPU.Build.0 = Debug|Any CPU
		{B9B987C5-66F6-4DC9-A628-00E2A836A1A7}.Debug|ARM.ActiveCfg = Debug|Any CPU
		{B9B987C5-66F6-4DC9-A628-00E2A836A1A7}.Debug|ARM.Build.0 = Debug|Any CPU
		{B9B987C5-66F6-4DC9-A628-00E2A836A1A7}.Debug|x86.ActiveCfg = Debug|Any CPU
		{B9B987C5-66F6-4DC9-A628-00E2A836A1A7}.Debug|x86.Build.0 = Debug|Any CPU
		{B9B987C5-66F6-4DC9-A628-00E2A836A1A7}.Release|Any CPU.ActiveCfg = Release|Any CPU
		{B9B987C5-66F6-4DC9-A628-00E2A836A1A7}.Release|Any CPU.Build.0 = Release|Any CPU
		{B9B987C5-66F6-4DC9-A628-00E2A836A1A7}.Release|ARM.ActiveCfg = Release|Any CPU
		{B9B987C5-66F6-4DC9-A628-00E2A836A1A7}.Release|ARM.Build.0 = Release|Any CPU
		{B9B987C5-66F6-4DC9-A628-00E2A836A1A7}.Release|x86.ActiveCfg = Release|Any CPU
		{B9B987C5-66F6-4DC9-A628-00E2A836A1A7}.Release|x86.Build.0 = Release|Any CPU
		{BE0F297A-C084-4959-AE4D-68709C415AA1}.Debug|Any CPU.ActiveCfg = Debug|Any CPU
		{BE0F297A-C084-4959-AE4D-68709C415AA1}.Debug|Any CPU.Build.0 = Debug|Any CPU
		{BE0F297A-C084-4959-AE4D-68709C415AA1}.Debug|ARM.ActiveCfg = Debug|Any CPU
		{BE0F297A-C084-4959-AE4D-68709C415AA1}.Debug|ARM.Build.0 = Debug|Any CPU
		{BE0F297A-C084-4959-AE4D-68709C415AA1}.Debug|x86.ActiveCfg = Debug|Any CPU
		{BE0F297A-C084-4959-AE4D-68709C415AA1}.Debug|x86.Build.0 = Debug|Any CPU
		{BE0F297A-C084-4959-AE4D-68709C415AA1}.Release|Any CPU.ActiveCfg = Release|Any CPU
		{BE0F297A-C084-4959-AE4D-68709C415AA1}.Release|Any CPU.Build.0 = Release|Any CPU
		{BE0F297A-C084-4959-AE4D-68709C415AA1}.Release|ARM.ActiveCfg = Release|Any CPU
		{BE0F297A-C084-4959-AE4D-68709C415AA1}.Release|ARM.Build.0 = Release|Any CPU
		{BE0F297A-C084-4959-AE4D-68709C415AA1}.Release|x86.ActiveCfg = Release|Any CPU
		{BE0F297A-C084-4959-AE4D-68709C415AA1}.Release|x86.Build.0 = Release|Any CPU
		{833CD0DC-15C1-4D0B-BD97-6E05B51A37CB}.Debug|Any CPU.ActiveCfg = Debug|Any CPU
		{833CD0DC-15C1-4D0B-BD97-6E05B51A37CB}.Debug|Any CPU.Build.0 = Debug|Any CPU
		{833CD0DC-15C1-4D0B-BD97-6E05B51A37CB}.Debug|ARM.ActiveCfg = Debug|Any CPU
		{833CD0DC-15C1-4D0B-BD97-6E05B51A37CB}.Debug|ARM.Build.0 = Debug|Any CPU
		{833CD0DC-15C1-4D0B-BD97-6E05B51A37CB}.Debug|x86.ActiveCfg = Debug|Any CPU
		{833CD0DC-15C1-4D0B-BD97-6E05B51A37CB}.Debug|x86.Build.0 = Debug|Any CPU
		{833CD0DC-15C1-4D0B-BD97-6E05B51A37CB}.Release|Any CPU.ActiveCfg = Release|Any CPU
		{833CD0DC-15C1-4D0B-BD97-6E05B51A37CB}.Release|Any CPU.Build.0 = Release|Any CPU
		{833CD0DC-15C1-4D0B-BD97-6E05B51A37CB}.Release|ARM.ActiveCfg = Release|Any CPU
		{833CD0DC-15C1-4D0B-BD97-6E05B51A37CB}.Release|ARM.Build.0 = Release|Any CPU
		{833CD0DC-15C1-4D0B-BD97-6E05B51A37CB}.Release|x86.ActiveCfg = Release|Any CPU
		{833CD0DC-15C1-4D0B-BD97-6E05B51A37CB}.Release|x86.Build.0 = Release|Any CPU
		{45011749-94FF-4DAD-BDEF-AC228875A78E}.Debug|Any CPU.ActiveCfg = Debug|Any CPU
		{45011749-94FF-4DAD-BDEF-AC228875A78E}.Debug|Any CPU.Build.0 = Debug|Any CPU
		{45011749-94FF-4DAD-BDEF-AC228875A78E}.Debug|ARM.ActiveCfg = Debug|Any CPU
		{45011749-94FF-4DAD-BDEF-AC228875A78E}.Debug|ARM.Build.0 = Debug|Any CPU
		{45011749-94FF-4DAD-BDEF-AC228875A78E}.Debug|x86.ActiveCfg = Debug|Any CPU
		{45011749-94FF-4DAD-BDEF-AC228875A78E}.Debug|x86.Build.0 = Debug|Any CPU
		{45011749-94FF-4DAD-BDEF-AC228875A78E}.Release|Any CPU.ActiveCfg = Release|Any CPU
		{45011749-94FF-4DAD-BDEF-AC228875A78E}.Release|Any CPU.Build.0 = Release|Any CPU
		{45011749-94FF-4DAD-BDEF-AC228875A78E}.Release|ARM.ActiveCfg = Release|Any CPU
		{45011749-94FF-4DAD-BDEF-AC228875A78E}.Release|ARM.Build.0 = Release|Any CPU
		{45011749-94FF-4DAD-BDEF-AC228875A78E}.Release|x86.ActiveCfg = Release|Any CPU
		{45011749-94FF-4DAD-BDEF-AC228875A78E}.Release|x86.Build.0 = Release|Any CPU
		{C6527B3C-B42C-4CEE-8B10-D8FF8483B568}.Debug|Any CPU.ActiveCfg = Debug|Any CPU
		{C6527B3C-B42C-4CEE-8B10-D8FF8483B568}.Debug|Any CPU.Build.0 = Debug|Any CPU
		{C6527B3C-B42C-4CEE-8B10-D8FF8483B568}.Debug|ARM.ActiveCfg = Debug|Any CPU
		{C6527B3C-B42C-4CEE-8B10-D8FF8483B568}.Debug|ARM.Build.0 = Debug|Any CPU
		{C6527B3C-B42C-4CEE-8B10-D8FF8483B568}.Debug|x86.ActiveCfg = Debug|Any CPU
		{C6527B3C-B42C-4CEE-8B10-D8FF8483B568}.Debug|x86.Build.0 = Debug|Any CPU
		{C6527B3C-B42C-4CEE-8B10-D8FF8483B568}.Release|Any CPU.ActiveCfg = Release|Any CPU
		{C6527B3C-B42C-4CEE-8B10-D8FF8483B568}.Release|Any CPU.Build.0 = Release|Any CPU
		{C6527B3C-B42C-4CEE-8B10-D8FF8483B568}.Release|ARM.ActiveCfg = Release|Any CPU
		{C6527B3C-B42C-4CEE-8B10-D8FF8483B568}.Release|ARM.Build.0 = Release|Any CPU
		{C6527B3C-B42C-4CEE-8B10-D8FF8483B568}.Release|x86.ActiveCfg = Release|Any CPU
		{C6527B3C-B42C-4CEE-8B10-D8FF8483B568}.Release|x86.Build.0 = Release|Any CPU
		{274ED3FB-FDED-4145-A836-768C0C2F63CD}.Debug|Any CPU.ActiveCfg = Debug|Any CPU
		{274ED3FB-FDED-4145-A836-768C0C2F63CD}.Debug|Any CPU.Build.0 = Debug|Any CPU
		{274ED3FB-FDED-4145-A836-768C0C2F63CD}.Debug|ARM.ActiveCfg = Debug|Any CPU
		{274ED3FB-FDED-4145-A836-768C0C2F63CD}.Debug|ARM.Build.0 = Debug|Any CPU
		{274ED3FB-FDED-4145-A836-768C0C2F63CD}.Debug|x86.ActiveCfg = Debug|Any CPU
		{274ED3FB-FDED-4145-A836-768C0C2F63CD}.Debug|x86.Build.0 = Debug|Any CPU
		{274ED3FB-FDED-4145-A836-768C0C2F63CD}.Release|Any CPU.ActiveCfg = Release|Any CPU
		{274ED3FB-FDED-4145-A836-768C0C2F63CD}.Release|Any CPU.Build.0 = Release|Any CPU
		{274ED3FB-FDED-4145-A836-768C0C2F63CD}.Release|ARM.ActiveCfg = Release|Any CPU
		{274ED3FB-FDED-4145-A836-768C0C2F63CD}.Release|ARM.Build.0 = Release|Any CPU
		{274ED3FB-FDED-4145-A836-768C0C2F63CD}.Release|x86.ActiveCfg = Release|Any CPU
		{274ED3FB-FDED-4145-A836-768C0C2F63CD}.Release|x86.Build.0 = Release|Any CPU
		{5EDA9544-65F9-4F23-9981-F10855BEDFAB}.Debug|Any CPU.ActiveCfg = Debug|Any CPU
		{5EDA9544-65F9-4F23-9981-F10855BEDFAB}.Debug|Any CPU.Build.0 = Debug|Any CPU
		{5EDA9544-65F9-4F23-9981-F10855BEDFAB}.Debug|ARM.ActiveCfg = Debug|Any CPU
		{5EDA9544-65F9-4F23-9981-F10855BEDFAB}.Debug|ARM.Build.0 = Debug|Any CPU
		{5EDA9544-65F9-4F23-9981-F10855BEDFAB}.Debug|x86.ActiveCfg = Debug|Any CPU
		{5EDA9544-65F9-4F23-9981-F10855BEDFAB}.Debug|x86.Build.0 = Debug|Any CPU
		{5EDA9544-65F9-4F23-9981-F10855BEDFAB}.Release|Any CPU.ActiveCfg = Release|Any CPU
		{5EDA9544-65F9-4F23-9981-F10855BEDFAB}.Release|Any CPU.Build.0 = Release|Any CPU
		{5EDA9544-65F9-4F23-9981-F10855BEDFAB}.Release|ARM.ActiveCfg = Release|Any CPU
		{5EDA9544-65F9-4F23-9981-F10855BEDFAB}.Release|ARM.Build.0 = Release|Any CPU
		{5EDA9544-65F9-4F23-9981-F10855BEDFAB}.Release|x86.ActiveCfg = Release|Any CPU
		{5EDA9544-65F9-4F23-9981-F10855BEDFAB}.Release|x86.Build.0 = Release|Any CPU
		{BB1A66B6-FDB0-4EB7-92FA-A74633A303FB}.Debug|Any CPU.ActiveCfg = Debug|Any CPU
		{BB1A66B6-FDB0-4EB7-92FA-A74633A303FB}.Debug|Any CPU.Build.0 = Debug|Any CPU
		{BB1A66B6-FDB0-4EB7-92FA-A74633A303FB}.Debug|ARM.ActiveCfg = Debug|Any CPU
		{BB1A66B6-FDB0-4EB7-92FA-A74633A303FB}.Debug|ARM.Build.0 = Debug|Any CPU
		{BB1A66B6-FDB0-4EB7-92FA-A74633A303FB}.Debug|x86.ActiveCfg = Debug|Any CPU
		{BB1A66B6-FDB0-4EB7-92FA-A74633A303FB}.Debug|x86.Build.0 = Debug|Any CPU
		{BB1A66B6-FDB0-4EB7-92FA-A74633A303FB}.Release|Any CPU.ActiveCfg = Release|Any CPU
		{BB1A66B6-FDB0-4EB7-92FA-A74633A303FB}.Release|Any CPU.Build.0 = Release|Any CPU
		{BB1A66B6-FDB0-4EB7-92FA-A74633A303FB}.Release|ARM.ActiveCfg = Release|Any CPU
		{BB1A66B6-FDB0-4EB7-92FA-A74633A303FB}.Release|ARM.Build.0 = Release|Any CPU
		{BB1A66B6-FDB0-4EB7-92FA-A74633A303FB}.Release|x86.ActiveCfg = Release|Any CPU
		{BB1A66B6-FDB0-4EB7-92FA-A74633A303FB}.Release|x86.Build.0 = Release|Any CPU
		{EC652E4E-6ECB-4C8F-8937-6304970248FD}.Debug|Any CPU.ActiveCfg = Debug|Any CPU
		{EC652E4E-6ECB-4C8F-8937-6304970248FD}.Debug|Any CPU.Build.0 = Debug|Any CPU
		{EC652E4E-6ECB-4C8F-8937-6304970248FD}.Debug|ARM.ActiveCfg = Debug|Any CPU
		{EC652E4E-6ECB-4C8F-8937-6304970248FD}.Debug|ARM.Build.0 = Debug|Any CPU
		{EC652E4E-6ECB-4C8F-8937-6304970248FD}.Debug|x86.ActiveCfg = Debug|Any CPU
		{EC652E4E-6ECB-4C8F-8937-6304970248FD}.Debug|x86.Build.0 = Debug|Any CPU
		{EC652E4E-6ECB-4C8F-8937-6304970248FD}.Release|Any CPU.ActiveCfg = Release|Any CPU
		{EC652E4E-6ECB-4C8F-8937-6304970248FD}.Release|Any CPU.Build.0 = Release|Any CPU
		{EC652E4E-6ECB-4C8F-8937-6304970248FD}.Release|ARM.ActiveCfg = Release|Any CPU
		{EC652E4E-6ECB-4C8F-8937-6304970248FD}.Release|ARM.Build.0 = Release|Any CPU
		{EC652E4E-6ECB-4C8F-8937-6304970248FD}.Release|x86.ActiveCfg = Release|Any CPU
		{EC652E4E-6ECB-4C8F-8937-6304970248FD}.Release|x86.Build.0 = Release|Any CPU
		{2F7D3E27-9345-4B53-9A66-5968FF3A8335}.Debug|Any CPU.ActiveCfg = Debug|Any CPU
		{2F7D3E27-9345-4B53-9A66-5968FF3A8335}.Debug|Any CPU.Build.0 = Debug|Any CPU
		{2F7D3E27-9345-4B53-9A66-5968FF3A8335}.Debug|ARM.ActiveCfg = Debug|Any CPU
		{2F7D3E27-9345-4B53-9A66-5968FF3A8335}.Debug|ARM.Build.0 = Debug|Any CPU
		{2F7D3E27-9345-4B53-9A66-5968FF3A8335}.Debug|x86.ActiveCfg = Debug|Any CPU
		{2F7D3E27-9345-4B53-9A66-5968FF3A8335}.Debug|x86.Build.0 = Debug|Any CPU
		{2F7D3E27-9345-4B53-9A66-5968FF3A8335}.Release|Any CPU.ActiveCfg = Release|Any CPU
		{2F7D3E27-9345-4B53-9A66-5968FF3A8335}.Release|Any CPU.Build.0 = Release|Any CPU
		{2F7D3E27-9345-4B53-9A66-5968FF3A8335}.Release|ARM.ActiveCfg = Release|Any CPU
		{2F7D3E27-9345-4B53-9A66-5968FF3A8335}.Release|ARM.Build.0 = Release|Any CPU
		{2F7D3E27-9345-4B53-9A66-5968FF3A8335}.Release|x86.ActiveCfg = Release|Any CPU
		{2F7D3E27-9345-4B53-9A66-5968FF3A8335}.Release|x86.Build.0 = Release|Any CPU
		{43A03A71-DDBD-48E0-B331-A7A7C9235560}.Debug|Any CPU.ActiveCfg = Debug|Any CPU
		{43A03A71-DDBD-48E0-B331-A7A7C9235560}.Debug|Any CPU.Build.0 = Debug|Any CPU
		{43A03A71-DDBD-48E0-B331-A7A7C9235560}.Debug|ARM.ActiveCfg = Debug|Any CPU
		{43A03A71-DDBD-48E0-B331-A7A7C9235560}.Debug|ARM.Build.0 = Debug|Any CPU
		{43A03A71-DDBD-48E0-B331-A7A7C9235560}.Debug|x86.ActiveCfg = Debug|Any CPU
		{43A03A71-DDBD-48E0-B331-A7A7C9235560}.Debug|x86.Build.0 = Debug|Any CPU
		{43A03A71-DDBD-48E0-B331-A7A7C9235560}.Release|Any CPU.ActiveCfg = Release|Any CPU
		{43A03A71-DDBD-48E0-B331-A7A7C9235560}.Release|Any CPU.Build.0 = Release|Any CPU
		{43A03A71-DDBD-48E0-B331-A7A7C9235560}.Release|ARM.ActiveCfg = Release|Any CPU
		{43A03A71-DDBD-48E0-B331-A7A7C9235560}.Release|ARM.Build.0 = Release|Any CPU
		{43A03A71-DDBD-48E0-B331-A7A7C9235560}.Release|x86.ActiveCfg = Release|Any CPU
		{43A03A71-DDBD-48E0-B331-A7A7C9235560}.Release|x86.Build.0 = Release|Any CPU
		{3E1B38B2-8AC0-4BCD-A5C9-5AD251110C9C}.Debug|Any CPU.ActiveCfg = Debug|Any CPU
		{3E1B38B2-8AC0-4BCD-A5C9-5AD251110C9C}.Debug|Any CPU.Build.0 = Debug|Any CPU
		{3E1B38B2-8AC0-4BCD-A5C9-5AD251110C9C}.Debug|ARM.ActiveCfg = Debug|Any CPU
		{3E1B38B2-8AC0-4BCD-A5C9-5AD251110C9C}.Debug|ARM.Build.0 = Debug|Any CPU
		{3E1B38B2-8AC0-4BCD-A5C9-5AD251110C9C}.Debug|x86.ActiveCfg = Debug|Any CPU
		{3E1B38B2-8AC0-4BCD-A5C9-5AD251110C9C}.Debug|x86.Build.0 = Debug|Any CPU
		{3E1B38B2-8AC0-4BCD-A5C9-5AD251110C9C}.Release|Any CPU.ActiveCfg = Release|Any CPU
		{3E1B38B2-8AC0-4BCD-A5C9-5AD251110C9C}.Release|Any CPU.Build.0 = Release|Any CPU
		{3E1B38B2-8AC0-4BCD-A5C9-5AD251110C9C}.Release|ARM.ActiveCfg = Release|Any CPU
		{3E1B38B2-8AC0-4BCD-A5C9-5AD251110C9C}.Release|ARM.Build.0 = Release|Any CPU
		{3E1B38B2-8AC0-4BCD-A5C9-5AD251110C9C}.Release|x86.ActiveCfg = Release|Any CPU
		{3E1B38B2-8AC0-4BCD-A5C9-5AD251110C9C}.Release|x86.Build.0 = Release|Any CPU
		{94858A9B-CFA9-4C8B-9716-BBBD6D08BD69}.Debug|Any CPU.ActiveCfg = Debug|Any CPU
		{94858A9B-CFA9-4C8B-9716-BBBD6D08BD69}.Debug|Any CPU.Build.0 = Debug|Any CPU
		{94858A9B-CFA9-4C8B-9716-BBBD6D08BD69}.Debug|ARM.ActiveCfg = Debug|Any CPU
		{94858A9B-CFA9-4C8B-9716-BBBD6D08BD69}.Debug|ARM.Build.0 = Debug|Any CPU
		{94858A9B-CFA9-4C8B-9716-BBBD6D08BD69}.Debug|x86.ActiveCfg = Debug|Any CPU
		{94858A9B-CFA9-4C8B-9716-BBBD6D08BD69}.Debug|x86.Build.0 = Debug|Any CPU
		{94858A9B-CFA9-4C8B-9716-BBBD6D08BD69}.Release|Any CPU.ActiveCfg = Release|Any CPU
		{94858A9B-CFA9-4C8B-9716-BBBD6D08BD69}.Release|Any CPU.Build.0 = Release|Any CPU
		{94858A9B-CFA9-4C8B-9716-BBBD6D08BD69}.Release|ARM.ActiveCfg = Release|Any CPU
		{94858A9B-CFA9-4C8B-9716-BBBD6D08BD69}.Release|ARM.Build.0 = Release|Any CPU
		{94858A9B-CFA9-4C8B-9716-BBBD6D08BD69}.Release|x86.ActiveCfg = Release|Any CPU
		{94858A9B-CFA9-4C8B-9716-BBBD6D08BD69}.Release|x86.Build.0 = Release|Any CPU
		{D04A9ADD-2B19-4522-9134-6551CE90C936}.Debug|Any CPU.ActiveCfg = Debug|Any CPU
		{D04A9ADD-2B19-4522-9134-6551CE90C936}.Debug|Any CPU.Build.0 = Debug|Any CPU
		{D04A9ADD-2B19-4522-9134-6551CE90C936}.Debug|ARM.ActiveCfg = Debug|Any CPU
		{D04A9ADD-2B19-4522-9134-6551CE90C936}.Debug|ARM.Build.0 = Debug|Any CPU
		{D04A9ADD-2B19-4522-9134-6551CE90C936}.Debug|x86.ActiveCfg = Debug|Any CPU
		{D04A9ADD-2B19-4522-9134-6551CE90C936}.Debug|x86.Build.0 = Debug|Any CPU
		{D04A9ADD-2B19-4522-9134-6551CE90C936}.Release|Any CPU.ActiveCfg = Release|Any CPU
		{D04A9ADD-2B19-4522-9134-6551CE90C936}.Release|Any CPU.Build.0 = Release|Any CPU
		{D04A9ADD-2B19-4522-9134-6551CE90C936}.Release|ARM.ActiveCfg = Release|Any CPU
		{D04A9ADD-2B19-4522-9134-6551CE90C936}.Release|ARM.Build.0 = Release|Any CPU
		{D04A9ADD-2B19-4522-9134-6551CE90C936}.Release|x86.ActiveCfg = Release|Any CPU
		{D04A9ADD-2B19-4522-9134-6551CE90C936}.Release|x86.Build.0 = Release|Any CPU
		{E10137A3-9D52-4702-9BFD-66CC85EFE8F4}.Debug|Any CPU.ActiveCfg = Debug|Any CPU
		{E10137A3-9D52-4702-9BFD-66CC85EFE8F4}.Debug|Any CPU.Build.0 = Debug|Any CPU
		{E10137A3-9D52-4702-9BFD-66CC85EFE8F4}.Debug|ARM.ActiveCfg = Debug|Any CPU
		{E10137A3-9D52-4702-9BFD-66CC85EFE8F4}.Debug|ARM.Build.0 = Debug|Any CPU
		{E10137A3-9D52-4702-9BFD-66CC85EFE8F4}.Debug|x86.ActiveCfg = Debug|Any CPU
		{E10137A3-9D52-4702-9BFD-66CC85EFE8F4}.Debug|x86.Build.0 = Debug|Any CPU
		{E10137A3-9D52-4702-9BFD-66CC85EFE8F4}.Release|Any CPU.ActiveCfg = Release|Any CPU
		{E10137A3-9D52-4702-9BFD-66CC85EFE8F4}.Release|Any CPU.Build.0 = Release|Any CPU
		{E10137A3-9D52-4702-9BFD-66CC85EFE8F4}.Release|ARM.ActiveCfg = Release|Any CPU
		{E10137A3-9D52-4702-9BFD-66CC85EFE8F4}.Release|ARM.Build.0 = Release|Any CPU
		{E10137A3-9D52-4702-9BFD-66CC85EFE8F4}.Release|x86.ActiveCfg = Release|Any CPU
		{E10137A3-9D52-4702-9BFD-66CC85EFE8F4}.Release|x86.Build.0 = Release|Any CPU
		{431A2CD6-017B-4D51-927B-51D4EE7C1A84}.Debug|Any CPU.ActiveCfg = Debug|Any CPU
		{431A2CD6-017B-4D51-927B-51D4EE7C1A84}.Debug|Any CPU.Build.0 = Debug|Any CPU
		{431A2CD6-017B-4D51-927B-51D4EE7C1A84}.Debug|ARM.ActiveCfg = Debug|Any CPU
		{431A2CD6-017B-4D51-927B-51D4EE7C1A84}.Debug|ARM.Build.0 = Debug|Any CPU
		{431A2CD6-017B-4D51-927B-51D4EE7C1A84}.Debug|x86.ActiveCfg = Debug|Any CPU
		{431A2CD6-017B-4D51-927B-51D4EE7C1A84}.Debug|x86.Build.0 = Debug|Any CPU
		{431A2CD6-017B-4D51-927B-51D4EE7C1A84}.Release|Any CPU.ActiveCfg = Release|Any CPU
		{431A2CD6-017B-4D51-927B-51D4EE7C1A84}.Release|Any CPU.Build.0 = Release|Any CPU
		{431A2CD6-017B-4D51-927B-51D4EE7C1A84}.Release|ARM.ActiveCfg = Release|Any CPU
		{431A2CD6-017B-4D51-927B-51D4EE7C1A84}.Release|ARM.Build.0 = Release|Any CPU
		{431A2CD6-017B-4D51-927B-51D4EE7C1A84}.Release|x86.ActiveCfg = Release|Any CPU
		{431A2CD6-017B-4D51-927B-51D4EE7C1A84}.Release|x86.Build.0 = Release|Any CPU
		{593872AE-5C13-457B-82B8-51FB80384DC4}.Debug|Any CPU.ActiveCfg = Debug|Any CPU
		{593872AE-5C13-457B-82B8-51FB80384DC4}.Debug|Any CPU.Build.0 = Debug|Any CPU
		{593872AE-5C13-457B-82B8-51FB80384DC4}.Debug|ARM.ActiveCfg = Debug|Any CPU
		{593872AE-5C13-457B-82B8-51FB80384DC4}.Debug|ARM.Build.0 = Debug|Any CPU
		{593872AE-5C13-457B-82B8-51FB80384DC4}.Debug|x86.ActiveCfg = Debug|Any CPU
		{593872AE-5C13-457B-82B8-51FB80384DC4}.Debug|x86.Build.0 = Debug|Any CPU
		{593872AE-5C13-457B-82B8-51FB80384DC4}.Release|Any CPU.ActiveCfg = Release|Any CPU
		{593872AE-5C13-457B-82B8-51FB80384DC4}.Release|Any CPU.Build.0 = Release|Any CPU
		{593872AE-5C13-457B-82B8-51FB80384DC4}.Release|ARM.ActiveCfg = Release|Any CPU
		{593872AE-5C13-457B-82B8-51FB80384DC4}.Release|ARM.Build.0 = Release|Any CPU
		{593872AE-5C13-457B-82B8-51FB80384DC4}.Release|x86.ActiveCfg = Release|Any CPU
		{593872AE-5C13-457B-82B8-51FB80384DC4}.Release|x86.Build.0 = Release|Any CPU
		{A929C50C-B305-4862-BA53-39952419F003}.Debug|Any CPU.ActiveCfg = Debug|Any CPU
		{A929C50C-B305-4862-BA53-39952419F003}.Debug|Any CPU.Build.0 = Debug|Any CPU
		{A929C50C-B305-4862-BA53-39952419F003}.Debug|ARM.ActiveCfg = Debug|Any CPU
		{A929C50C-B305-4862-BA53-39952419F003}.Debug|ARM.Build.0 = Debug|Any CPU
		{A929C50C-B305-4862-BA53-39952419F003}.Debug|x86.ActiveCfg = Debug|Any CPU
		{A929C50C-B305-4862-BA53-39952419F003}.Debug|x86.Build.0 = Debug|Any CPU
		{A929C50C-B305-4862-BA53-39952419F003}.Release|Any CPU.ActiveCfg = Release|Any CPU
		{A929C50C-B305-4862-BA53-39952419F003}.Release|Any CPU.Build.0 = Release|Any CPU
		{A929C50C-B305-4862-BA53-39952419F003}.Release|ARM.ActiveCfg = Release|Any CPU
		{A929C50C-B305-4862-BA53-39952419F003}.Release|ARM.Build.0 = Release|Any CPU
		{A929C50C-B305-4862-BA53-39952419F003}.Release|x86.ActiveCfg = Release|Any CPU
		{A929C50C-B305-4862-BA53-39952419F003}.Release|x86.Build.0 = Release|Any CPU
		{2C1413F2-5B20-46E3-B63B-44702B7A4861}.Debug|Any CPU.ActiveCfg = Debug|Any CPU
		{2C1413F2-5B20-46E3-B63B-44702B7A4861}.Debug|Any CPU.Build.0 = Debug|Any CPU
		{2C1413F2-5B20-46E3-B63B-44702B7A4861}.Debug|ARM.ActiveCfg = Debug|Any CPU
		{2C1413F2-5B20-46E3-B63B-44702B7A4861}.Debug|ARM.Build.0 = Debug|Any CPU
		{2C1413F2-5B20-46E3-B63B-44702B7A4861}.Debug|x86.ActiveCfg = Debug|Any CPU
		{2C1413F2-5B20-46E3-B63B-44702B7A4861}.Debug|x86.Build.0 = Debug|Any CPU
		{2C1413F2-5B20-46E3-B63B-44702B7A4861}.Release|Any CPU.ActiveCfg = Release|Any CPU
		{2C1413F2-5B20-46E3-B63B-44702B7A4861}.Release|Any CPU.Build.0 = Release|Any CPU
		{2C1413F2-5B20-46E3-B63B-44702B7A4861}.Release|ARM.ActiveCfg = Release|Any CPU
		{2C1413F2-5B20-46E3-B63B-44702B7A4861}.Release|ARM.Build.0 = Release|Any CPU
		{2C1413F2-5B20-46E3-B63B-44702B7A4861}.Release|x86.ActiveCfg = Release|Any CPU
		{2C1413F2-5B20-46E3-B63B-44702B7A4861}.Release|x86.Build.0 = Release|Any CPU
		{9D6CDADE-81F3-418A-ADB5-775531F96F33}.Debug|Any CPU.ActiveCfg = Debug|Any CPU
		{9D6CDADE-81F3-418A-ADB5-775531F96F33}.Debug|Any CPU.Build.0 = Debug|Any CPU
		{9D6CDADE-81F3-418A-ADB5-775531F96F33}.Debug|ARM.ActiveCfg = Debug|Any CPU
		{9D6CDADE-81F3-418A-ADB5-775531F96F33}.Debug|ARM.Build.0 = Debug|Any CPU
		{9D6CDADE-81F3-418A-ADB5-775531F96F33}.Debug|x86.ActiveCfg = Debug|Any CPU
		{9D6CDADE-81F3-418A-ADB5-775531F96F33}.Debug|x86.Build.0 = Debug|Any CPU
		{9D6CDADE-81F3-418A-ADB5-775531F96F33}.Release|Any CPU.ActiveCfg = Release|Any CPU
		{9D6CDADE-81F3-418A-ADB5-775531F96F33}.Release|Any CPU.Build.0 = Release|Any CPU
		{9D6CDADE-81F3-418A-ADB5-775531F96F33}.Release|ARM.ActiveCfg = Release|Any CPU
		{9D6CDADE-81F3-418A-ADB5-775531F96F33}.Release|ARM.Build.0 = Release|Any CPU
		{9D6CDADE-81F3-418A-ADB5-775531F96F33}.Release|x86.ActiveCfg = Release|Any CPU
		{9D6CDADE-81F3-418A-ADB5-775531F96F33}.Release|x86.Build.0 = Release|Any CPU
		{8E9D38B2-FE3F-43AC-909D-E468B1724CC7}.Debug|Any CPU.ActiveCfg = Debug|Any CPU
		{8E9D38B2-FE3F-43AC-909D-E468B1724CC7}.Debug|Any CPU.Build.0 = Debug|Any CPU
		{8E9D38B2-FE3F-43AC-909D-E468B1724CC7}.Debug|ARM.ActiveCfg = Debug|Any CPU
		{8E9D38B2-FE3F-43AC-909D-E468B1724CC7}.Debug|ARM.Build.0 = Debug|Any CPU
		{8E9D38B2-FE3F-43AC-909D-E468B1724CC7}.Debug|x86.ActiveCfg = Debug|Any CPU
		{8E9D38B2-FE3F-43AC-909D-E468B1724CC7}.Debug|x86.Build.0 = Debug|Any CPU
		{8E9D38B2-FE3F-43AC-909D-E468B1724CC7}.Release|Any CPU.ActiveCfg = Release|Any CPU
		{8E9D38B2-FE3F-43AC-909D-E468B1724CC7}.Release|Any CPU.Build.0 = Release|Any CPU
		{8E9D38B2-FE3F-43AC-909D-E468B1724CC7}.Release|ARM.ActiveCfg = Release|Any CPU
		{8E9D38B2-FE3F-43AC-909D-E468B1724CC7}.Release|ARM.Build.0 = Release|Any CPU
		{8E9D38B2-FE3F-43AC-909D-E468B1724CC7}.Release|x86.ActiveCfg = Release|Any CPU
		{8E9D38B2-FE3F-43AC-909D-E468B1724CC7}.Release|x86.Build.0 = Release|Any CPU
		{496CD7AD-4286-4E08-B6F4-58CF401FE638}.Debug|Any CPU.ActiveCfg = Debug|Any CPU
		{496CD7AD-4286-4E08-B6F4-58CF401FE638}.Debug|Any CPU.Build.0 = Debug|Any CPU
		{496CD7AD-4286-4E08-B6F4-58CF401FE638}.Debug|ARM.ActiveCfg = Debug|Any CPU
		{496CD7AD-4286-4E08-B6F4-58CF401FE638}.Debug|ARM.Build.0 = Debug|Any CPU
		{496CD7AD-4286-4E08-B6F4-58CF401FE638}.Debug|x86.ActiveCfg = Debug|Any CPU
		{496CD7AD-4286-4E08-B6F4-58CF401FE638}.Debug|x86.Build.0 = Debug|Any CPU
		{496CD7AD-4286-4E08-B6F4-58CF401FE638}.Release|Any CPU.ActiveCfg = Release|Any CPU
		{496CD7AD-4286-4E08-B6F4-58CF401FE638}.Release|Any CPU.Build.0 = Release|Any CPU
		{496CD7AD-4286-4E08-B6F4-58CF401FE638}.Release|ARM.ActiveCfg = Release|Any CPU
		{496CD7AD-4286-4E08-B6F4-58CF401FE638}.Release|ARM.Build.0 = Release|Any CPU
		{496CD7AD-4286-4E08-B6F4-58CF401FE638}.Release|x86.ActiveCfg = Release|Any CPU
		{496CD7AD-4286-4E08-B6F4-58CF401FE638}.Release|x86.Build.0 = Release|Any CPU
		{DD6ABF7C-239D-4FA2-AEE2-837D4D96871A}.Debug|Any CPU.ActiveCfg = Debug|Any CPU
		{DD6ABF7C-239D-4FA2-AEE2-837D4D96871A}.Debug|Any CPU.Build.0 = Debug|Any CPU
		{DD6ABF7C-239D-4FA2-AEE2-837D4D96871A}.Debug|ARM.ActiveCfg = Debug|Any CPU
		{DD6ABF7C-239D-4FA2-AEE2-837D4D96871A}.Debug|ARM.Build.0 = Debug|Any CPU
		{DD6ABF7C-239D-4FA2-AEE2-837D4D96871A}.Debug|x86.ActiveCfg = Debug|Any CPU
		{DD6ABF7C-239D-4FA2-AEE2-837D4D96871A}.Debug|x86.Build.0 = Debug|Any CPU
		{DD6ABF7C-239D-4FA2-AEE2-837D4D96871A}.Release|Any CPU.ActiveCfg = Release|Any CPU
		{DD6ABF7C-239D-4FA2-AEE2-837D4D96871A}.Release|Any CPU.Build.0 = Release|Any CPU
		{DD6ABF7C-239D-4FA2-AEE2-837D4D96871A}.Release|ARM.ActiveCfg = Release|Any CPU
		{DD6ABF7C-239D-4FA2-AEE2-837D4D96871A}.Release|ARM.Build.0 = Release|Any CPU
		{DD6ABF7C-239D-4FA2-AEE2-837D4D96871A}.Release|x86.ActiveCfg = Release|Any CPU
		{DD6ABF7C-239D-4FA2-AEE2-837D4D96871A}.Release|x86.Build.0 = Release|Any CPU
		{E713BB45-791D-4A26-97B5-965578706E16}.Debug|Any CPU.ActiveCfg = Debug|Any CPU
		{E713BB45-791D-4A26-97B5-965578706E16}.Debug|Any CPU.Build.0 = Debug|Any CPU
		{E713BB45-791D-4A26-97B5-965578706E16}.Debug|ARM.ActiveCfg = Debug|Any CPU
		{E713BB45-791D-4A26-97B5-965578706E16}.Debug|ARM.Build.0 = Debug|Any CPU
		{E713BB45-791D-4A26-97B5-965578706E16}.Debug|x86.ActiveCfg = Debug|Any CPU
		{E713BB45-791D-4A26-97B5-965578706E16}.Debug|x86.Build.0 = Debug|Any CPU
		{E713BB45-791D-4A26-97B5-965578706E16}.Release|Any CPU.ActiveCfg = Release|Any CPU
		{E713BB45-791D-4A26-97B5-965578706E16}.Release|Any CPU.Build.0 = Release|Any CPU
		{E713BB45-791D-4A26-97B5-965578706E16}.Release|ARM.ActiveCfg = Release|Any CPU
		{E713BB45-791D-4A26-97B5-965578706E16}.Release|ARM.Build.0 = Release|Any CPU
		{E713BB45-791D-4A26-97B5-965578706E16}.Release|x86.ActiveCfg = Release|Any CPU
		{E713BB45-791D-4A26-97B5-965578706E16}.Release|x86.Build.0 = Release|Any CPU
		{1DEEFD83-EFDA-42E3-91E9-EB976346B3CE}.Debug|Any CPU.ActiveCfg = Debug|Any CPU
		{1DEEFD83-EFDA-42E3-91E9-EB976346B3CE}.Debug|Any CPU.Build.0 = Debug|Any CPU
		{1DEEFD83-EFDA-42E3-91E9-EB976346B3CE}.Debug|ARM.ActiveCfg = Debug|Any CPU
		{1DEEFD83-EFDA-42E3-91E9-EB976346B3CE}.Debug|ARM.Build.0 = Debug|Any CPU
		{1DEEFD83-EFDA-42E3-91E9-EB976346B3CE}.Debug|x86.ActiveCfg = Debug|Any CPU
		{1DEEFD83-EFDA-42E3-91E9-EB976346B3CE}.Debug|x86.Build.0 = Debug|Any CPU
		{1DEEFD83-EFDA-42E3-91E9-EB976346B3CE}.Release|Any CPU.ActiveCfg = Release|Any CPU
		{1DEEFD83-EFDA-42E3-91E9-EB976346B3CE}.Release|Any CPU.Build.0 = Release|Any CPU
		{1DEEFD83-EFDA-42E3-91E9-EB976346B3CE}.Release|ARM.ActiveCfg = Release|Any CPU
		{1DEEFD83-EFDA-42E3-91E9-EB976346B3CE}.Release|ARM.Build.0 = Release|Any CPU
		{1DEEFD83-EFDA-42E3-91E9-EB976346B3CE}.Release|x86.ActiveCfg = Release|Any CPU
		{1DEEFD83-EFDA-42E3-91E9-EB976346B3CE}.Release|x86.Build.0 = Release|Any CPU
		{E10F08E5-E70C-4BE0-83E7-7D69746D5E66}.Debug|Any CPU.ActiveCfg = Debug|Any CPU
		{E10F08E5-E70C-4BE0-83E7-7D69746D5E66}.Debug|Any CPU.Build.0 = Debug|Any CPU
		{E10F08E5-E70C-4BE0-83E7-7D69746D5E66}.Debug|ARM.ActiveCfg = Debug|Any CPU
		{E10F08E5-E70C-4BE0-83E7-7D69746D5E66}.Debug|ARM.Build.0 = Debug|Any CPU
		{E10F08E5-E70C-4BE0-83E7-7D69746D5E66}.Debug|x86.ActiveCfg = Debug|Any CPU
		{E10F08E5-E70C-4BE0-83E7-7D69746D5E66}.Debug|x86.Build.0 = Debug|Any CPU
		{E10F08E5-E70C-4BE0-83E7-7D69746D5E66}.Release|Any CPU.ActiveCfg = Release|Any CPU
		{E10F08E5-E70C-4BE0-83E7-7D69746D5E66}.Release|Any CPU.Build.0 = Release|Any CPU
		{E10F08E5-E70C-4BE0-83E7-7D69746D5E66}.Release|ARM.ActiveCfg = Release|Any CPU
		{E10F08E5-E70C-4BE0-83E7-7D69746D5E66}.Release|ARM.Build.0 = Release|Any CPU
		{E10F08E5-E70C-4BE0-83E7-7D69746D5E66}.Release|x86.ActiveCfg = Release|Any CPU
		{E10F08E5-E70C-4BE0-83E7-7D69746D5E66}.Release|x86.Build.0 = Release|Any CPU
		{41264D40-56E8-49C4-BE33-91C5CD834811}.Debug|Any CPU.ActiveCfg = Debug|Any CPU
		{41264D40-56E8-49C4-BE33-91C5CD834811}.Debug|Any CPU.Build.0 = Debug|Any CPU
		{41264D40-56E8-49C4-BE33-91C5CD834811}.Debug|ARM.ActiveCfg = Debug|Any CPU
		{41264D40-56E8-49C4-BE33-91C5CD834811}.Debug|ARM.Build.0 = Debug|Any CPU
		{41264D40-56E8-49C4-BE33-91C5CD834811}.Debug|x86.ActiveCfg = Debug|Any CPU
		{41264D40-56E8-49C4-BE33-91C5CD834811}.Debug|x86.Build.0 = Debug|Any CPU
		{41264D40-56E8-49C4-BE33-91C5CD834811}.Release|Any CPU.ActiveCfg = Release|Any CPU
		{41264D40-56E8-49C4-BE33-91C5CD834811}.Release|Any CPU.Build.0 = Release|Any CPU
		{41264D40-56E8-49C4-BE33-91C5CD834811}.Release|ARM.ActiveCfg = Release|Any CPU
		{41264D40-56E8-49C4-BE33-91C5CD834811}.Release|ARM.Build.0 = Release|Any CPU
		{41264D40-56E8-49C4-BE33-91C5CD834811}.Release|x86.ActiveCfg = Release|Any CPU
		{41264D40-56E8-49C4-BE33-91C5CD834811}.Release|x86.Build.0 = Release|Any CPU
		{0D5D0661-D9C7-429E-BACE-50B4999235B8}.Debug|Any CPU.ActiveCfg = Debug|Any CPU
		{0D5D0661-D9C7-429E-BACE-50B4999235B8}.Debug|Any CPU.Build.0 = Debug|Any CPU
		{0D5D0661-D9C7-429E-BACE-50B4999235B8}.Debug|ARM.ActiveCfg = Debug|Any CPU
		{0D5D0661-D9C7-429E-BACE-50B4999235B8}.Debug|ARM.Build.0 = Debug|Any CPU
		{0D5D0661-D9C7-429E-BACE-50B4999235B8}.Debug|x86.ActiveCfg = Debug|Any CPU
		{0D5D0661-D9C7-429E-BACE-50B4999235B8}.Debug|x86.Build.0 = Debug|Any CPU
		{0D5D0661-D9C7-429E-BACE-50B4999235B8}.Release|Any CPU.ActiveCfg = Release|Any CPU
		{0D5D0661-D9C7-429E-BACE-50B4999235B8}.Release|Any CPU.Build.0 = Release|Any CPU
		{0D5D0661-D9C7-429E-BACE-50B4999235B8}.Release|ARM.ActiveCfg = Release|Any CPU
		{0D5D0661-D9C7-429E-BACE-50B4999235B8}.Release|ARM.Build.0 = Release|Any CPU
		{0D5D0661-D9C7-429E-BACE-50B4999235B8}.Release|x86.ActiveCfg = Release|Any CPU
		{0D5D0661-D9C7-429E-BACE-50B4999235B8}.Release|x86.Build.0 = Release|Any CPU
		{289A528E-1902-4F3B-A480-45D861E34084}.Debug|Any CPU.ActiveCfg = Debug|Any CPU
		{289A528E-1902-4F3B-A480-45D861E34084}.Debug|Any CPU.Build.0 = Debug|Any CPU
		{289A528E-1902-4F3B-A480-45D861E34084}.Debug|ARM.ActiveCfg = Debug|Any CPU
		{289A528E-1902-4F3B-A480-45D861E34084}.Debug|ARM.Build.0 = Debug|Any CPU
		{289A528E-1902-4F3B-A480-45D861E34084}.Debug|x86.ActiveCfg = Debug|Any CPU
		{289A528E-1902-4F3B-A480-45D861E34084}.Debug|x86.Build.0 = Debug|Any CPU
		{289A528E-1902-4F3B-A480-45D861E34084}.Release|Any CPU.ActiveCfg = Release|Any CPU
		{289A528E-1902-4F3B-A480-45D861E34084}.Release|Any CPU.Build.0 = Release|Any CPU
		{289A528E-1902-4F3B-A480-45D861E34084}.Release|ARM.ActiveCfg = Release|Any CPU
		{289A528E-1902-4F3B-A480-45D861E34084}.Release|ARM.Build.0 = Release|Any CPU
		{289A528E-1902-4F3B-A480-45D861E34084}.Release|x86.ActiveCfg = Release|Any CPU
		{289A528E-1902-4F3B-A480-45D861E34084}.Release|x86.Build.0 = Release|Any CPU
		{7058CB44-E426-43F1-A4BE-DE3334B9F810}.Debug|Any CPU.ActiveCfg = Debug|Any CPU
		{7058CB44-E426-43F1-A4BE-DE3334B9F810}.Debug|Any CPU.Build.0 = Debug|Any CPU
		{7058CB44-E426-43F1-A4BE-DE3334B9F810}.Debug|ARM.ActiveCfg = Debug|Any CPU
		{7058CB44-E426-43F1-A4BE-DE3334B9F810}.Debug|ARM.Build.0 = Debug|Any CPU
		{7058CB44-E426-43F1-A4BE-DE3334B9F810}.Debug|x86.ActiveCfg = Debug|Any CPU
		{7058CB44-E426-43F1-A4BE-DE3334B9F810}.Debug|x86.Build.0 = Debug|Any CPU
		{7058CB44-E426-43F1-A4BE-DE3334B9F810}.Release|Any CPU.ActiveCfg = Release|Any CPU
		{7058CB44-E426-43F1-A4BE-DE3334B9F810}.Release|Any CPU.Build.0 = Release|Any CPU
		{7058CB44-E426-43F1-A4BE-DE3334B9F810}.Release|ARM.ActiveCfg = Release|Any CPU
		{7058CB44-E426-43F1-A4BE-DE3334B9F810}.Release|ARM.Build.0 = Release|Any CPU
		{7058CB44-E426-43F1-A4BE-DE3334B9F810}.Release|x86.ActiveCfg = Release|Any CPU
		{7058CB44-E426-43F1-A4BE-DE3334B9F810}.Release|x86.Build.0 = Release|Any CPU
		{EE5B4D7C-C518-492F-8B3B-D1617F87A08A}.Debug|Any CPU.ActiveCfg = Debug|Any CPU
		{EE5B4D7C-C518-492F-8B3B-D1617F87A08A}.Debug|Any CPU.Build.0 = Debug|Any CPU
		{EE5B4D7C-C518-492F-8B3B-D1617F87A08A}.Debug|ARM.ActiveCfg = Debug|Any CPU
		{EE5B4D7C-C518-492F-8B3B-D1617F87A08A}.Debug|ARM.Build.0 = Debug|Any CPU
		{EE5B4D7C-C518-492F-8B3B-D1617F87A08A}.Debug|x86.ActiveCfg = Debug|Any CPU
		{EE5B4D7C-C518-492F-8B3B-D1617F87A08A}.Debug|x86.Build.0 = Debug|Any CPU
		{EE5B4D7C-C518-492F-8B3B-D1617F87A08A}.Release|Any CPU.ActiveCfg = Release|Any CPU
		{EE5B4D7C-C518-492F-8B3B-D1617F87A08A}.Release|Any CPU.Build.0 = Release|Any CPU
		{EE5B4D7C-C518-492F-8B3B-D1617F87A08A}.Release|ARM.ActiveCfg = Release|Any CPU
		{EE5B4D7C-C518-492F-8B3B-D1617F87A08A}.Release|ARM.Build.0 = Release|Any CPU
		{EE5B4D7C-C518-492F-8B3B-D1617F87A08A}.Release|x86.ActiveCfg = Release|Any CPU
		{EE5B4D7C-C518-492F-8B3B-D1617F87A08A}.Release|x86.Build.0 = Release|Any CPU
		{B9C7A664-245B-43C7-B00D-8B90DAA778F8}.Debug|Any CPU.ActiveCfg = Debug|Any CPU
		{B9C7A664-245B-43C7-B00D-8B90DAA778F8}.Debug|Any CPU.Build.0 = Debug|Any CPU
		{B9C7A664-245B-43C7-B00D-8B90DAA778F8}.Debug|ARM.ActiveCfg = Debug|Any CPU
		{B9C7A664-245B-43C7-B00D-8B90DAA778F8}.Debug|ARM.Build.0 = Debug|Any CPU
		{B9C7A664-245B-43C7-B00D-8B90DAA778F8}.Debug|x86.ActiveCfg = Debug|Any CPU
		{B9C7A664-245B-43C7-B00D-8B90DAA778F8}.Debug|x86.Build.0 = Debug|Any CPU
		{B9C7A664-245B-43C7-B00D-8B90DAA778F8}.Release|Any CPU.ActiveCfg = Release|Any CPU
		{B9C7A664-245B-43C7-B00D-8B90DAA778F8}.Release|Any CPU.Build.0 = Release|Any CPU
		{B9C7A664-245B-43C7-B00D-8B90DAA778F8}.Release|ARM.ActiveCfg = Release|Any CPU
		{B9C7A664-245B-43C7-B00D-8B90DAA778F8}.Release|ARM.Build.0 = Release|Any CPU
		{B9C7A664-245B-43C7-B00D-8B90DAA778F8}.Release|x86.ActiveCfg = Release|Any CPU
		{B9C7A664-245B-43C7-B00D-8B90DAA778F8}.Release|x86.Build.0 = Release|Any CPU
		{CB805225-45B7-4462-BD86-A618C4E56467}.Debug|Any CPU.ActiveCfg = Debug|Any CPU
		{CB805225-45B7-4462-BD86-A618C4E56467}.Debug|Any CPU.Build.0 = Debug|Any CPU
		{CB805225-45B7-4462-BD86-A618C4E56467}.Debug|ARM.ActiveCfg = Debug|Any CPU
		{CB805225-45B7-4462-BD86-A618C4E56467}.Debug|ARM.Build.0 = Debug|Any CPU
		{CB805225-45B7-4462-BD86-A618C4E56467}.Debug|x86.ActiveCfg = Debug|Any CPU
		{CB805225-45B7-4462-BD86-A618C4E56467}.Debug|x86.Build.0 = Debug|Any CPU
		{CB805225-45B7-4462-BD86-A618C4E56467}.Release|Any CPU.ActiveCfg = Release|Any CPU
		{CB805225-45B7-4462-BD86-A618C4E56467}.Release|Any CPU.Build.0 = Release|Any CPU
		{CB805225-45B7-4462-BD86-A618C4E56467}.Release|ARM.ActiveCfg = Release|Any CPU
		{CB805225-45B7-4462-BD86-A618C4E56467}.Release|ARM.Build.0 = Release|Any CPU
		{CB805225-45B7-4462-BD86-A618C4E56467}.Release|x86.ActiveCfg = Release|Any CPU
		{CB805225-45B7-4462-BD86-A618C4E56467}.Release|x86.Build.0 = Release|Any CPU
		{958F33D4-45DB-4576-B506-2D28ACE1BE69}.Debug|Any CPU.ActiveCfg = Debug|Any CPU
		{958F33D4-45DB-4576-B506-2D28ACE1BE69}.Debug|Any CPU.Build.0 = Debug|Any CPU
		{958F33D4-45DB-4576-B506-2D28ACE1BE69}.Debug|ARM.ActiveCfg = Debug|Any CPU
		{958F33D4-45DB-4576-B506-2D28ACE1BE69}.Debug|ARM.Build.0 = Debug|Any CPU
		{958F33D4-45DB-4576-B506-2D28ACE1BE69}.Debug|x86.ActiveCfg = Debug|Any CPU
		{958F33D4-45DB-4576-B506-2D28ACE1BE69}.Debug|x86.Build.0 = Debug|Any CPU
		{958F33D4-45DB-4576-B506-2D28ACE1BE69}.Release|Any CPU.ActiveCfg = Release|Any CPU
		{958F33D4-45DB-4576-B506-2D28ACE1BE69}.Release|Any CPU.Build.0 = Release|Any CPU
		{958F33D4-45DB-4576-B506-2D28ACE1BE69}.Release|ARM.ActiveCfg = Release|Any CPU
		{958F33D4-45DB-4576-B506-2D28ACE1BE69}.Release|ARM.Build.0 = Release|Any CPU
		{958F33D4-45DB-4576-B506-2D28ACE1BE69}.Release|x86.ActiveCfg = Release|Any CPU
		{958F33D4-45DB-4576-B506-2D28ACE1BE69}.Release|x86.Build.0 = Release|Any CPU
		{6BD0352F-4532-4D12-B445-5CF85ACB7547}.Debug|Any CPU.ActiveCfg = Debug|Any CPU
		{6BD0352F-4532-4D12-B445-5CF85ACB7547}.Debug|Any CPU.Build.0 = Debug|Any CPU
		{6BD0352F-4532-4D12-B445-5CF85ACB7547}.Debug|ARM.ActiveCfg = Debug|Any CPU
		{6BD0352F-4532-4D12-B445-5CF85ACB7547}.Debug|ARM.Build.0 = Debug|Any CPU
		{6BD0352F-4532-4D12-B445-5CF85ACB7547}.Debug|x86.ActiveCfg = Debug|Any CPU
		{6BD0352F-4532-4D12-B445-5CF85ACB7547}.Debug|x86.Build.0 = Debug|Any CPU
		{6BD0352F-4532-4D12-B445-5CF85ACB7547}.Release|Any CPU.ActiveCfg = Release|Any CPU
		{6BD0352F-4532-4D12-B445-5CF85ACB7547}.Release|Any CPU.Build.0 = Release|Any CPU
		{6BD0352F-4532-4D12-B445-5CF85ACB7547}.Release|ARM.ActiveCfg = Release|Any CPU
		{6BD0352F-4532-4D12-B445-5CF85ACB7547}.Release|ARM.Build.0 = Release|Any CPU
		{6BD0352F-4532-4D12-B445-5CF85ACB7547}.Release|x86.ActiveCfg = Release|Any CPU
		{6BD0352F-4532-4D12-B445-5CF85ACB7547}.Release|x86.Build.0 = Release|Any CPU
		{CB1DAC67-AC07-42F1-8F22-F27E3E9D13EF}.Debug|Any CPU.ActiveCfg = Debug|Any CPU
		{CB1DAC67-AC07-42F1-8F22-F27E3E9D13EF}.Debug|Any CPU.Build.0 = Debug|Any CPU
		{CB1DAC67-AC07-42F1-8F22-F27E3E9D13EF}.Debug|ARM.ActiveCfg = Debug|Any CPU
		{CB1DAC67-AC07-42F1-8F22-F27E3E9D13EF}.Debug|ARM.Build.0 = Debug|Any CPU
		{CB1DAC67-AC07-42F1-8F22-F27E3E9D13EF}.Debug|x86.ActiveCfg = Debug|Any CPU
		{CB1DAC67-AC07-42F1-8F22-F27E3E9D13EF}.Debug|x86.Build.0 = Debug|Any CPU
		{CB1DAC67-AC07-42F1-8F22-F27E3E9D13EF}.Release|Any CPU.ActiveCfg = Release|Any CPU
		{CB1DAC67-AC07-42F1-8F22-F27E3E9D13EF}.Release|Any CPU.Build.0 = Release|Any CPU
		{CB1DAC67-AC07-42F1-8F22-F27E3E9D13EF}.Release|ARM.ActiveCfg = Release|Any CPU
		{CB1DAC67-AC07-42F1-8F22-F27E3E9D13EF}.Release|ARM.Build.0 = Release|Any CPU
		{CB1DAC67-AC07-42F1-8F22-F27E3E9D13EF}.Release|x86.ActiveCfg = Release|Any CPU
		{CB1DAC67-AC07-42F1-8F22-F27E3E9D13EF}.Release|x86.Build.0 = Release|Any CPU
		{9229FB76-2FF8-4075-90D6-A2C7447F4A51}.Debug|Any CPU.ActiveCfg = Debug|Any CPU
		{9229FB76-2FF8-4075-90D6-A2C7447F4A51}.Debug|Any CPU.Build.0 = Debug|Any CPU
		{9229FB76-2FF8-4075-90D6-A2C7447F4A51}.Debug|ARM.ActiveCfg = Debug|Any CPU
		{9229FB76-2FF8-4075-90D6-A2C7447F4A51}.Debug|ARM.Build.0 = Debug|Any CPU
		{9229FB76-2FF8-4075-90D6-A2C7447F4A51}.Debug|x86.ActiveCfg = Debug|Any CPU
		{9229FB76-2FF8-4075-90D6-A2C7447F4A51}.Debug|x86.Build.0 = Debug|Any CPU
		{9229FB76-2FF8-4075-90D6-A2C7447F4A51}.Release|Any CPU.ActiveCfg = Release|Any CPU
		{9229FB76-2FF8-4075-90D6-A2C7447F4A51}.Release|Any CPU.Build.0 = Release|Any CPU
		{9229FB76-2FF8-4075-90D6-A2C7447F4A51}.Release|ARM.ActiveCfg = Release|Any CPU
		{9229FB76-2FF8-4075-90D6-A2C7447F4A51}.Release|ARM.Build.0 = Release|Any CPU
		{9229FB76-2FF8-4075-90D6-A2C7447F4A51}.Release|x86.ActiveCfg = Release|Any CPU
		{9229FB76-2FF8-4075-90D6-A2C7447F4A51}.Release|x86.Build.0 = Release|Any CPU
		{4516880B-6F25-4C83-A684-881F8B651FAE}.Debug|Any CPU.ActiveCfg = Debug|Any CPU
		{4516880B-6F25-4C83-A684-881F8B651FAE}.Debug|Any CPU.Build.0 = Debug|Any CPU
		{4516880B-6F25-4C83-A684-881F8B651FAE}.Debug|ARM.ActiveCfg = Debug|Any CPU
		{4516880B-6F25-4C83-A684-881F8B651FAE}.Debug|ARM.Build.0 = Debug|Any CPU
		{4516880B-6F25-4C83-A684-881F8B651FAE}.Debug|x86.ActiveCfg = Debug|Any CPU
		{4516880B-6F25-4C83-A684-881F8B651FAE}.Debug|x86.Build.0 = Debug|Any CPU
		{4516880B-6F25-4C83-A684-881F8B651FAE}.Release|Any CPU.ActiveCfg = Release|Any CPU
		{4516880B-6F25-4C83-A684-881F8B651FAE}.Release|Any CPU.Build.0 = Release|Any CPU
		{4516880B-6F25-4C83-A684-881F8B651FAE}.Release|ARM.ActiveCfg = Release|Any CPU
		{4516880B-6F25-4C83-A684-881F8B651FAE}.Release|ARM.Build.0 = Release|Any CPU
		{4516880B-6F25-4C83-A684-881F8B651FAE}.Release|x86.ActiveCfg = Release|Any CPU
		{4516880B-6F25-4C83-A684-881F8B651FAE}.Release|x86.Build.0 = Release|Any CPU
		{C4969CEC-9804-41B0-A63C-EF327D1DCB81}.Debug|Any CPU.ActiveCfg = Debug|Any CPU
		{C4969CEC-9804-41B0-A63C-EF327D1DCB81}.Debug|Any CPU.Build.0 = Debug|Any CPU
		{C4969CEC-9804-41B0-A63C-EF327D1DCB81}.Debug|ARM.ActiveCfg = Debug|Any CPU
		{C4969CEC-9804-41B0-A63C-EF327D1DCB81}.Debug|ARM.Build.0 = Debug|Any CPU
		{C4969CEC-9804-41B0-A63C-EF327D1DCB81}.Debug|x86.ActiveCfg = Debug|Any CPU
		{C4969CEC-9804-41B0-A63C-EF327D1DCB81}.Debug|x86.Build.0 = Debug|Any CPU
		{C4969CEC-9804-41B0-A63C-EF327D1DCB81}.Release|Any CPU.ActiveCfg = Release|Any CPU
		{C4969CEC-9804-41B0-A63C-EF327D1DCB81}.Release|Any CPU.Build.0 = Release|Any CPU
		{C4969CEC-9804-41B0-A63C-EF327D1DCB81}.Release|ARM.ActiveCfg = Release|Any CPU
		{C4969CEC-9804-41B0-A63C-EF327D1DCB81}.Release|ARM.Build.0 = Release|Any CPU
		{C4969CEC-9804-41B0-A63C-EF327D1DCB81}.Release|x86.ActiveCfg = Release|Any CPU
		{C4969CEC-9804-41B0-A63C-EF327D1DCB81}.Release|x86.Build.0 = Release|Any CPU
		{F7047059-72E2-40B3-81B3-1EEB63360CCA}.Debug|Any CPU.ActiveCfg = Debug|Any CPU
		{F7047059-72E2-40B3-81B3-1EEB63360CCA}.Debug|Any CPU.Build.0 = Debug|Any CPU
		{F7047059-72E2-40B3-81B3-1EEB63360CCA}.Debug|ARM.ActiveCfg = Debug|Any CPU
		{F7047059-72E2-40B3-81B3-1EEB63360CCA}.Debug|ARM.Build.0 = Debug|Any CPU
		{F7047059-72E2-40B3-81B3-1EEB63360CCA}.Debug|x86.ActiveCfg = Debug|Any CPU
		{F7047059-72E2-40B3-81B3-1EEB63360CCA}.Debug|x86.Build.0 = Debug|Any CPU
		{F7047059-72E2-40B3-81B3-1EEB63360CCA}.Release|Any CPU.ActiveCfg = Release|Any CPU
		{F7047059-72E2-40B3-81B3-1EEB63360CCA}.Release|Any CPU.Build.0 = Release|Any CPU
		{F7047059-72E2-40B3-81B3-1EEB63360CCA}.Release|ARM.ActiveCfg = Release|Any CPU
		{F7047059-72E2-40B3-81B3-1EEB63360CCA}.Release|ARM.Build.0 = Release|Any CPU
		{F7047059-72E2-40B3-81B3-1EEB63360CCA}.Release|x86.ActiveCfg = Release|Any CPU
		{F7047059-72E2-40B3-81B3-1EEB63360CCA}.Release|x86.Build.0 = Release|Any CPU
	EndGlobalSection
	GlobalSection(SolutionProperties) = preSolution
		HideSolutionNode = FALSE
	EndGlobalSection
	GlobalSection(NestedProjects) = preSolution
		{51193157-69C2-4BB0-B5F1-D3E1B5960245} = {42E2F6CA-200F-471D-B92A-4D0961AB35E8}
		{05D4B0A9-B451-47B1-9654-5C0244966F14} = {42E2F6CA-200F-471D-B92A-4D0961AB35E8}
		{5C37BAF1-EEB0-4A1E-878D-AA1CF641F8BC} = {42E2F6CA-200F-471D-B92A-4D0961AB35E8}
		{4D03067A-1315-4163-887E-AB63FDBF835D} = {42E2F6CA-200F-471D-B92A-4D0961AB35E8}
		{CEA8BB99-9E86-4594-99E2-9D0B43036EAF} = {42E2F6CA-200F-471D-B92A-4D0961AB35E8}
		{B9B987C5-66F6-4DC9-A628-00E2A836A1A7} = {42E2F6CA-200F-471D-B92A-4D0961AB35E8}
		{BE0F297A-C084-4959-AE4D-68709C415AA1} = {42E2F6CA-200F-471D-B92A-4D0961AB35E8}
		{833CD0DC-15C1-4D0B-BD97-6E05B51A37CB} = {42E2F6CA-200F-471D-B92A-4D0961AB35E8}
		{45011749-94FF-4DAD-BDEF-AC228875A78E} = {42E2F6CA-200F-471D-B92A-4D0961AB35E8}
		{C6527B3C-B42C-4CEE-8B10-D8FF8483B568} = {42E2F6CA-200F-471D-B92A-4D0961AB35E8}
		{274ED3FB-FDED-4145-A836-768C0C2F63CD} = {42E2F6CA-200F-471D-B92A-4D0961AB35E8}
		{5EDA9544-65F9-4F23-9981-F10855BEDFAB} = {42E2F6CA-200F-471D-B92A-4D0961AB35E8}
		{BB1A66B6-FDB0-4EB7-92FA-A74633A303FB} = {42E2F6CA-200F-471D-B92A-4D0961AB35E8}
		{FB74BD6B-B1B1-4038-B071-D378AE3E60CE} = {42E2F6CA-200F-471D-B92A-4D0961AB35E8}
		{EC652E4E-6ECB-4C8F-8937-6304970248FD} = {FB74BD6B-B1B1-4038-B071-D378AE3E60CE}
		{2F7D3E27-9345-4B53-9A66-5968FF3A8335} = {42E2F6CA-200F-471D-B92A-4D0961AB35E8}
		{43A03A71-DDBD-48E0-B331-A7A7C9235560} = {FB74BD6B-B1B1-4038-B071-D378AE3E60CE}
		{3E1B38B2-8AC0-4BCD-A5C9-5AD251110C9C} = {29BF66BA-1E0D-4550-BAA5-8917E558A6D1}
		{94858A9B-CFA9-4C8B-9716-BBBD6D08BD69} = {29BF66BA-1E0D-4550-BAA5-8917E558A6D1}
		{D04A9ADD-2B19-4522-9134-6551CE90C936} = {51193157-69C2-4BB0-B5F1-D3E1B5960245}
		{E10137A3-9D52-4702-9BFD-66CC85EFE8F4} = {29BF66BA-1E0D-4550-BAA5-8917E558A6D1}
		{431A2CD6-017B-4D51-927B-51D4EE7C1A84} = {FB74BD6B-B1B1-4038-B071-D378AE3E60CE}
		{593872AE-5C13-457B-82B8-51FB80384DC4} = {42E2F6CA-200F-471D-B92A-4D0961AB35E8}
		{A929C50C-B305-4862-BA53-39952419F003} = {29BF66BA-1E0D-4550-BAA5-8917E558A6D1}
		{2C1413F2-5B20-46E3-B63B-44702B7A4861} = {29BF66BA-1E0D-4550-BAA5-8917E558A6D1}
		{9D6CDADE-81F3-418A-ADB5-775531F96F33} = {29BF66BA-1E0D-4550-BAA5-8917E558A6D1}
		{8E9D38B2-FE3F-43AC-909D-E468B1724CC7} = {29BF66BA-1E0D-4550-BAA5-8917E558A6D1}
		{496CD7AD-4286-4E08-B6F4-58CF401FE638} = {29BF66BA-1E0D-4550-BAA5-8917E558A6D1}
		{DD6ABF7C-239D-4FA2-AEE2-837D4D96871A} = {29BF66BA-1E0D-4550-BAA5-8917E558A6D1}
		{E713BB45-791D-4A26-97B5-965578706E16} = {42E2F6CA-200F-471D-B92A-4D0961AB35E8}
		{1DEEFD83-EFDA-42E3-91E9-EB976346B3CE} = {29BF66BA-1E0D-4550-BAA5-8917E558A6D1}
		{E10F08E5-E70C-4BE0-83E7-7D69746D5E66} = {29BF66BA-1E0D-4550-BAA5-8917E558A6D1}
		{41264D40-56E8-49C4-BE33-91C5CD834811} = {8CD0BFB3-4317-44C0-921A-8062FA141CA8}
		{0D5D0661-D9C7-429E-BACE-50B4999235B8} = {8CD0BFB3-4317-44C0-921A-8062FA141CA8}
		{8CD0BFB3-4317-44C0-921A-8062FA141CA8} = {42E2F6CA-200F-471D-B92A-4D0961AB35E8}
		{289A528E-1902-4F3B-A480-45D861E34084} = {8CD0BFB3-4317-44C0-921A-8062FA141CA8}
		{7058CB44-E426-43F1-A4BE-DE3334B9F810} = {8CD0BFB3-4317-44C0-921A-8062FA141CA8}
		{EE5B4D7C-C518-492F-8B3B-D1617F87A08A} = {29BF66BA-1E0D-4550-BAA5-8917E558A6D1}
		{B9C7A664-245B-43C7-B00D-8B90DAA778F8} = {8CD0BFB3-4317-44C0-921A-8062FA141CA8}
		{CB805225-45B7-4462-BD86-A618C4E56467} = {8CD0BFB3-4317-44C0-921A-8062FA141CA8}
		{958F33D4-45DB-4576-B506-2D28ACE1BE69} = {8CD0BFB3-4317-44C0-921A-8062FA141CA8}
		{6BD0352F-4532-4D12-B445-5CF85ACB7547} = {8CD0BFB3-4317-44C0-921A-8062FA141CA8}
		{CB1DAC67-AC07-42F1-8F22-F27E3E9D13EF} = {42E2F6CA-200F-471D-B92A-4D0961AB35E8}
		{9229FB76-2FF8-4075-90D6-A2C7447F4A51} = {29BF66BA-1E0D-4550-BAA5-8917E558A6D1}
		{4516880B-6F25-4C83-A684-881F8B651FAE} = {29BF66BA-1E0D-4550-BAA5-8917E558A6D1}
		{C4969CEC-9804-41B0-A63C-EF327D1DCB81} = {42E2F6CA-200F-471D-B92A-4D0961AB35E8}
		{F7047059-72E2-40B3-81B3-1EEB63360CCA} = {42E2F6CA-200F-471D-B92A-4D0961AB35E8}
	EndGlobalSection
	GlobalSection(ExtensibilityGlobals) = postSolution
		SolutionGuid = {ACC3A7A0-05C5-40E9-ABE8-98770CA245F0}
	EndGlobalSection
EndGlobal
