
Microsoft Visual Studio Solution File, Format Version 12.00
# Visual Studio 14
VisualStudioVersion = 14.0.25420.1
MinimumVisualStudioVersion = 10.0.40219.1
Project("{2150E333-8FDC-42A3-9474-1A3956D46DE8}") = "src", "src", "{42E2F6CA-200F-471D-B92A-4D0961AB35E8}"
EndProject
Project("{2150E333-8FDC-42A3-9474-1A3956D46DE8}") = "Solution Items", "Solution Items", "{D2D0E3C7-C38F-4A99-AA22-03D925C266D5}"
	ProjectSection(SolutionItems) = preProject
		global.json = global.json
		LICENSE = LICENSE
		README.md = README.md
	EndProjectSection
EndProject
Project("{8BB2217D-0F2D-49D1-97BC-3654ED321F3B}") = "Wodsoft.ComBoost", "src\Wodsoft.ComBoost\Wodsoft.ComBoost.xproj", "{05D4B0A9-B451-47B1-9654-5C0244966F14}"
EndProject
Project("{8BB2217D-0F2D-49D1-97BC-3654ED321F3B}") = "Wodsoft.ComBoost.Security", "src\Wodsoft.ComBoost.Security\Wodsoft.ComBoost.Security.xproj", "{5C37BAF1-EEB0-4A1E-878D-AA1CF641F8BC}"
EndProject
Project("{8BB2217D-0F2D-49D1-97BC-3654ED321F3B}") = "Wodsoft.ComBoost.Mvc", "src\Wodsoft.ComBoost.Mvc\Wodsoft.ComBoost.Mvc.xproj", "{4D03067A-1315-4163-887E-AB63FDBF835D}"
EndProject
Project("{8BB2217D-0F2D-49D1-97BC-3654ED321F3B}") = "Wodsoft.ComBoost.Data", "src\Wodsoft.ComBoost.Data\Wodsoft.ComBoost.Data.xproj", "{CEA8BB99-9E86-4594-99E2-9D0B43036EAF}"
EndProject
Project("{2150E333-8FDC-42A3-9474-1A3956D46DE8}") = "samples", "samples", "{1494E8D3-905F-4A33-A4CA-4C320A9282F7}"
EndProject
Project("{8BB2217D-0F2D-49D1-97BC-3654ED321F3B}") = "Wodsoft.ComBoost.Mvc.Data", "src\Wodsoft.ComBoost.Mvc.Data\Wodsoft.ComBoost.Mvc.Data.xproj", "{B9B987C5-66F6-4DC9-A628-00E2A836A1A7}"
EndProject
Project("{8BB2217D-0F2D-49D1-97BC-3654ED321F3B}") = "Wodsoft.ComBoost.Forum", "src\samples\Wodsoft.ComBoost.Forum\Wodsoft.ComBoost.Forum.xproj", "{BB497D73-682B-47C4-AFC3-9DF5D8A52D23}"
EndProject
Project("{8BB2217D-0F2D-49D1-97BC-3654ED321F3B}") = "Wodsoft.ComBoost.Forum.Core", "src\samples\Wodsoft.ComBoost.Forum.Core\Wodsoft.ComBoost.Forum.Core.xproj", "{9B101234-5EFA-4BEF-B58E-EA08CAD81159}"
EndProject
Project("{8BB2217D-0F2D-49D1-97BC-3654ED321F3B}") = "Wodsoft.ComBoost.Forum.Domain", "src\samples\Wodsoft.ComBoost.Forum.Domain\Wodsoft.ComBoost.Forum.Domain.xproj", "{81494F46-BE40-4F43-BF97-B856A1D1AA87}"
EndProject
Project("{8BB2217D-0F2D-49D1-97BC-3654ED321F3B}") = "Wodsoft.ComBoost.Forum.Entity", "src\samples\Wodsoft.ComBoost.Forum.Entity\Wodsoft.ComBoost.Forum.Entity.xproj", "{E0C37A45-B7FD-4603-B0D1-931F42AFA553}"
EndProject
Project("{2150E333-8FDC-42A3-9474-1A3956D46DE8}") = "extensions", "extensions", "{51193157-69C2-4BB0-B5F1-D3E1B5960245}"
EndProject
Project("{8BB2217D-0F2D-49D1-97BC-3654ED321F3B}") = "Wodsoft.ComBoost.Core", "src\Wodsoft.ComBoost.Core\Wodsoft.ComBoost.Core.xproj", "{BE0F297A-C084-4959-AE4D-68709C415AA1}"
EndProject
Project("{8BB2217D-0F2D-49D1-97BC-3654ED321F3B}") = "Wodsoft.ComBoost.AspNetCore.Security", "src\Wodsoft.ComBoost.AspNetCore.Security\Wodsoft.ComBoost.AspNetCore.Security.xproj", "{D80DA533-10E6-41EA-8C1B-C4BCC3E5503B}"
EndProject
Project("{2150E333-8FDC-42A3-9474-1A3956D46DE8}") = "test", "test", "{29BF66BA-1E0D-4550-BAA5-8917E558A6D1}"
EndProject
Project("{8BB2217D-0F2D-49D1-97BC-3654ED321F3B}") = "DataUnitTest", "test\DataUnitTest\DataUnitTest.xproj", "{0F3C1357-7B37-4B4A-8F99-E9116DCCD54E}"
EndProject
Project("{8BB2217D-0F2D-49D1-97BC-3654ED321F3B}") = "Wodsoft.ComBoost.EntityFrameworkCore", "src\Wodsoft.ComBoost.EntityFrameworkCore\Wodsoft.ComBoost.EntityFrameworkCore.xproj", "{833CD0DC-15C1-4D0B-BD97-6E05B51A37CB}"
EndProject
Project("{8BB2217D-0F2D-49D1-97BC-3654ED321F3B}") = "Wodsoft.ComBoost.EntityFramework", "src\Wodsoft.ComBoost.EntityFramework\Wodsoft.ComBoost.EntityFramework.xproj", "{45011749-94FF-4DAD-BDEF-AC228875A78E}"
EndProject
Project("{8BB2217D-0F2D-49D1-97BC-3654ED321F3B}") = "Wodsoft.ComBoost.Data.Core", "src\Wodsoft.ComBoost.Data.Core\Wodsoft.ComBoost.Data.Core.xproj", "{C6527B3C-B42C-4CEE-8B10-D8FF8483B568}"
EndProject
Project("{8BB2217D-0F2D-49D1-97BC-3654ED321F3B}") = "Wodsoft.ComBoost.Forum.Extensions", "src\samples\Wodsoft.ComBoost.Forum.Extensions\Wodsoft.ComBoost.Forum.Extensions.xproj", "{C88BEEEF-498D-46AE-A4AC-59A6F1EEDCCF}"
EndProject
Project("{8BB2217D-0F2D-49D1-97BC-3654ED321F3B}") = "Wodsoft.ComBoost.Redis", "src\Wodsoft.ComBoost.Redis\Wodsoft.ComBoost.Redis.xproj", "{AB5C40DD-D2F2-4BBE-A7F9-1369A7A4AE8D}"
EndProject
Project("{8BB2217D-0F2D-49D1-97BC-3654ED321F3B}") = "Wodsoft.ComBoost.Storage", "src\Wodsoft.ComBoost.Storage\Wodsoft.ComBoost.Storage.xproj", "{274ED3FB-FDED-4145-A836-768C0C2F63CD}"
EndProject
Project("{8BB2217D-0F2D-49D1-97BC-3654ED321F3B}") = "Wodsoft.ComBoost.Mock", "src\Wodsoft.ComBoost.Mock\Wodsoft.ComBoost.Mock.xproj", "{5EDA9544-65F9-4F23-9981-F10855BEDFAB}"
EndProject
Global
	GlobalSection(SolutionConfigurationPlatforms) = preSolution
		Debug|Any CPU = Debug|Any CPU
		Debug|ARM = Debug|ARM
		Debug|x86 = Debug|x86
		Release|Any CPU = Release|Any CPU
		Release|ARM = Release|ARM
		Release|x86 = Release|x86
	EndGlobalSection
	GlobalSection(ProjectConfigurationPlatforms) = postSolution
		{05D4B0A9-B451-47B1-9654-5C0244966F14}.Debug|Any CPU.ActiveCfg = Debug|Any CPU
		{05D4B0A9-B451-47B1-9654-5C0244966F14}.Debug|Any CPU.Build.0 = Debug|Any CPU
		{05D4B0A9-B451-47B1-9654-5C0244966F14}.Debug|ARM.ActiveCfg = Debug|Any CPU
		{05D4B0A9-B451-47B1-9654-5C0244966F14}.Debug|ARM.Build.0 = Debug|Any CPU
		{05D4B0A9-B451-47B1-9654-5C0244966F14}.Debug|x86.ActiveCfg = Debug|Any CPU
		{05D4B0A9-B451-47B1-9654-5C0244966F14}.Debug|x86.Build.0 = Debug|Any CPU
		{05D4B0A9-B451-47B1-9654-5C0244966F14}.Release|Any CPU.ActiveCfg = Release|Any CPU
		{05D4B0A9-B451-47B1-9654-5C0244966F14}.Release|Any CPU.Build.0 = Release|Any CPU
		{05D4B0A9-B451-47B1-9654-5C0244966F14}.Release|ARM.ActiveCfg = Release|Any CPU
		{05D4B0A9-B451-47B1-9654-5C0244966F14}.Release|ARM.Build.0 = Release|Any CPU
		{05D4B0A9-B451-47B1-9654-5C0244966F14}.Release|x86.ActiveCfg = Release|Any CPU
		{05D4B0A9-B451-47B1-9654-5C0244966F14}.Release|x86.Build.0 = Release|Any CPU
		{5C37BAF1-EEB0-4A1E-878D-AA1CF641F8BC}.Debug|Any CPU.ActiveCfg = Debug|Any CPU
		{5C37BAF1-EEB0-4A1E-878D-AA1CF641F8BC}.Debug|Any CPU.Build.0 = Debug|Any CPU
		{5C37BAF1-EEB0-4A1E-878D-AA1CF641F8BC}.Debug|ARM.ActiveCfg = Debug|Any CPU
		{5C37BAF1-EEB0-4A1E-878D-AA1CF641F8BC}.Debug|ARM.Build.0 = Debug|Any CPU
		{5C37BAF1-EEB0-4A1E-878D-AA1CF641F8BC}.Debug|x86.ActiveCfg = Debug|Any CPU
		{5C37BAF1-EEB0-4A1E-878D-AA1CF641F8BC}.Debug|x86.Build.0 = Debug|Any CPU
		{5C37BAF1-EEB0-4A1E-878D-AA1CF641F8BC}.Release|Any CPU.ActiveCfg = Release|Any CPU
		{5C37BAF1-EEB0-4A1E-878D-AA1CF641F8BC}.Release|Any CPU.Build.0 = Release|Any CPU
		{5C37BAF1-EEB0-4A1E-878D-AA1CF641F8BC}.Release|ARM.ActiveCfg = Release|Any CPU
		{5C37BAF1-EEB0-4A1E-878D-AA1CF641F8BC}.Release|ARM.Build.0 = Release|Any CPU
		{5C37BAF1-EEB0-4A1E-878D-AA1CF641F8BC}.Release|x86.ActiveCfg = Release|Any CPU
		{5C37BAF1-EEB0-4A1E-878D-AA1CF641F8BC}.Release|x86.Build.0 = Release|Any CPU
		{4D03067A-1315-4163-887E-AB63FDBF835D}.Debug|Any CPU.ActiveCfg = Debug|Any CPU
		{4D03067A-1315-4163-887E-AB63FDBF835D}.Debug|Any CPU.Build.0 = Debug|Any CPU
		{4D03067A-1315-4163-887E-AB63FDBF835D}.Debug|ARM.ActiveCfg = Debug|Any CPU
		{4D03067A-1315-4163-887E-AB63FDBF835D}.Debug|ARM.Build.0 = Debug|Any CPU
		{4D03067A-1315-4163-887E-AB63FDBF835D}.Debug|x86.ActiveCfg = Debug|Any CPU
		{4D03067A-1315-4163-887E-AB63FDBF835D}.Debug|x86.Build.0 = Debug|Any CPU
		{4D03067A-1315-4163-887E-AB63FDBF835D}.Release|Any CPU.ActiveCfg = Release|Any CPU
		{4D03067A-1315-4163-887E-AB63FDBF835D}.Release|Any CPU.Build.0 = Release|Any CPU
		{4D03067A-1315-4163-887E-AB63FDBF835D}.Release|ARM.ActiveCfg = Release|Any CPU
		{4D03067A-1315-4163-887E-AB63FDBF835D}.Release|ARM.Build.0 = Release|Any CPU
		{4D03067A-1315-4163-887E-AB63FDBF835D}.Release|x86.ActiveCfg = Release|Any CPU
		{4D03067A-1315-4163-887E-AB63FDBF835D}.Release|x86.Build.0 = Release|Any CPU
		{CEA8BB99-9E86-4594-99E2-9D0B43036EAF}.Debug|Any CPU.ActiveCfg = Debug|Any CPU
		{CEA8BB99-9E86-4594-99E2-9D0B43036EAF}.Debug|Any CPU.Build.0 = Debug|Any CPU
		{CEA8BB99-9E86-4594-99E2-9D0B43036EAF}.Debug|ARM.ActiveCfg = Debug|Any CPU
		{CEA8BB99-9E86-4594-99E2-9D0B43036EAF}.Debug|ARM.Build.0 = Debug|Any CPU
		{CEA8BB99-9E86-4594-99E2-9D0B43036EAF}.Debug|x86.ActiveCfg = Debug|Any CPU
		{CEA8BB99-9E86-4594-99E2-9D0B43036EAF}.Debug|x86.Build.0 = Debug|Any CPU
		{CEA8BB99-9E86-4594-99E2-9D0B43036EAF}.Release|Any CPU.ActiveCfg = Release|Any CPU
		{CEA8BB99-9E86-4594-99E2-9D0B43036EAF}.Release|Any CPU.Build.0 = Release|Any CPU
		{CEA8BB99-9E86-4594-99E2-9D0B43036EAF}.Release|ARM.ActiveCfg = Release|Any CPU
		{CEA8BB99-9E86-4594-99E2-9D0B43036EAF}.Release|ARM.Build.0 = Release|Any CPU
		{CEA8BB99-9E86-4594-99E2-9D0B43036EAF}.Release|x86.ActiveCfg = Release|Any CPU
		{CEA8BB99-9E86-4594-99E2-9D0B43036EAF}.Release|x86.Build.0 = Release|Any CPU
		{B9B987C5-66F6-4DC9-A628-00E2A836A1A7}.Debug|Any CPU.ActiveCfg = Debug|Any CPU
		{B9B987C5-66F6-4DC9-A628-00E2A836A1A7}.Debug|Any CPU.Build.0 = Debug|Any CPU
		{B9B987C5-66F6-4DC9-A628-00E2A836A1A7}.Debug|ARM.ActiveCfg = Debug|Any CPU
		{B9B987C5-66F6-4DC9-A628-00E2A836A1A7}.Debug|ARM.Build.0 = Debug|Any CPU
		{B9B987C5-66F6-4DC9-A628-00E2A836A1A7}.Debug|x86.ActiveCfg = Debug|Any CPU
		{B9B987C5-66F6-4DC9-A628-00E2A836A1A7}.Debug|x86.Build.0 = Debug|Any CPU
		{B9B987C5-66F6-4DC9-A628-00E2A836A1A7}.Release|Any CPU.ActiveCfg = Release|Any CPU
		{B9B987C5-66F6-4DC9-A628-00E2A836A1A7}.Release|Any CPU.Build.0 = Release|Any CPU
		{B9B987C5-66F6-4DC9-A628-00E2A836A1A7}.Release|ARM.ActiveCfg = Release|Any CPU
		{B9B987C5-66F6-4DC9-A628-00E2A836A1A7}.Release|ARM.Build.0 = Release|Any CPU
		{B9B987C5-66F6-4DC9-A628-00E2A836A1A7}.Release|x86.ActiveCfg = Release|Any CPU
		{B9B987C5-66F6-4DC9-A628-00E2A836A1A7}.Release|x86.Build.0 = Release|Any CPU
		{BB497D73-682B-47C4-AFC3-9DF5D8A52D23}.Debug|Any CPU.ActiveCfg = Debug|Any CPU
		{BB497D73-682B-47C4-AFC3-9DF5D8A52D23}.Debug|Any CPU.Build.0 = Debug|Any CPU
		{BB497D73-682B-47C4-AFC3-9DF5D8A52D23}.Debug|ARM.ActiveCfg = Debug|Any CPU
		{BB497D73-682B-47C4-AFC3-9DF5D8A52D23}.Debug|ARM.Build.0 = Debug|Any CPU
		{BB497D73-682B-47C4-AFC3-9DF5D8A52D23}.Debug|x86.ActiveCfg = Debug|Any CPU
		{BB497D73-682B-47C4-AFC3-9DF5D8A52D23}.Debug|x86.Build.0 = Debug|Any CPU
		{BB497D73-682B-47C4-AFC3-9DF5D8A52D23}.Release|Any CPU.ActiveCfg = Release|Any CPU
		{BB497D73-682B-47C4-AFC3-9DF5D8A52D23}.Release|Any CPU.Build.0 = Release|Any CPU
		{BB497D73-682B-47C4-AFC3-9DF5D8A52D23}.Release|ARM.ActiveCfg = Release|Any CPU
		{BB497D73-682B-47C4-AFC3-9DF5D8A52D23}.Release|ARM.Build.0 = Release|Any CPU
		{BB497D73-682B-47C4-AFC3-9DF5D8A52D23}.Release|x86.ActiveCfg = Release|Any CPU
		{BB497D73-682B-47C4-AFC3-9DF5D8A52D23}.Release|x86.Build.0 = Release|Any CPU
		{9B101234-5EFA-4BEF-B58E-EA08CAD81159}.Debug|Any CPU.ActiveCfg = Debug|Any CPU
		{9B101234-5EFA-4BEF-B58E-EA08CAD81159}.Debug|Any CPU.Build.0 = Debug|Any CPU
		{9B101234-5EFA-4BEF-B58E-EA08CAD81159}.Debug|ARM.ActiveCfg = Debug|Any CPU
		{9B101234-5EFA-4BEF-B58E-EA08CAD81159}.Debug|ARM.Build.0 = Debug|Any CPU
		{9B101234-5EFA-4BEF-B58E-EA08CAD81159}.Debug|x86.ActiveCfg = Debug|Any CPU
		{9B101234-5EFA-4BEF-B58E-EA08CAD81159}.Debug|x86.Build.0 = Debug|Any CPU
		{9B101234-5EFA-4BEF-B58E-EA08CAD81159}.Release|Any CPU.ActiveCfg = Release|Any CPU
		{9B101234-5EFA-4BEF-B58E-EA08CAD81159}.Release|Any CPU.Build.0 = Release|Any CPU
		{9B101234-5EFA-4BEF-B58E-EA08CAD81159}.Release|ARM.ActiveCfg = Release|Any CPU
		{9B101234-5EFA-4BEF-B58E-EA08CAD81159}.Release|ARM.Build.0 = Release|Any CPU
		{9B101234-5EFA-4BEF-B58E-EA08CAD81159}.Release|x86.ActiveCfg = Release|Any CPU
		{9B101234-5EFA-4BEF-B58E-EA08CAD81159}.Release|x86.Build.0 = Release|Any CPU
		{81494F46-BE40-4F43-BF97-B856A1D1AA87}.Debug|Any CPU.ActiveCfg = Debug|Any CPU
		{81494F46-BE40-4F43-BF97-B856A1D1AA87}.Debug|Any CPU.Build.0 = Debug|Any CPU
		{81494F46-BE40-4F43-BF97-B856A1D1AA87}.Debug|ARM.ActiveCfg = Debug|Any CPU
		{81494F46-BE40-4F43-BF97-B856A1D1AA87}.Debug|ARM.Build.0 = Debug|Any CPU
		{81494F46-BE40-4F43-BF97-B856A1D1AA87}.Debug|x86.ActiveCfg = Debug|Any CPU
		{81494F46-BE40-4F43-BF97-B856A1D1AA87}.Debug|x86.Build.0 = Debug|Any CPU
		{81494F46-BE40-4F43-BF97-B856A1D1AA87}.Release|Any CPU.ActiveCfg = Release|Any CPU
		{81494F46-BE40-4F43-BF97-B856A1D1AA87}.Release|Any CPU.Build.0 = Release|Any CPU
		{81494F46-BE40-4F43-BF97-B856A1D1AA87}.Release|ARM.ActiveCfg = Release|Any CPU
		{81494F46-BE40-4F43-BF97-B856A1D1AA87}.Release|ARM.Build.0 = Release|Any CPU
		{81494F46-BE40-4F43-BF97-B856A1D1AA87}.Release|x86.ActiveCfg = Release|Any CPU
		{81494F46-BE40-4F43-BF97-B856A1D1AA87}.Release|x86.Build.0 = Release|Any CPU
		{E0C37A45-B7FD-4603-B0D1-931F42AFA553}.Debug|Any CPU.ActiveCfg = Debug|Any CPU
		{E0C37A45-B7FD-4603-B0D1-931F42AFA553}.Debug|Any CPU.Build.0 = Debug|Any CPU
		{E0C37A45-B7FD-4603-B0D1-931F42AFA553}.Debug|ARM.ActiveCfg = Debug|Any CPU
		{E0C37A45-B7FD-4603-B0D1-931F42AFA553}.Debug|ARM.Build.0 = Debug|Any CPU
		{E0C37A45-B7FD-4603-B0D1-931F42AFA553}.Debug|x86.ActiveCfg = Debug|Any CPU
		{E0C37A45-B7FD-4603-B0D1-931F42AFA553}.Debug|x86.Build.0 = Debug|Any CPU
		{E0C37A45-B7FD-4603-B0D1-931F42AFA553}.Release|Any CPU.ActiveCfg = Release|Any CPU
		{E0C37A45-B7FD-4603-B0D1-931F42AFA553}.Release|Any CPU.Build.0 = Release|Any CPU
		{E0C37A45-B7FD-4603-B0D1-931F42AFA553}.Release|ARM.ActiveCfg = Release|Any CPU
		{E0C37A45-B7FD-4603-B0D1-931F42AFA553}.Release|ARM.Build.0 = Release|Any CPU
		{E0C37A45-B7FD-4603-B0D1-931F42AFA553}.Release|x86.ActiveCfg = Release|Any CPU
		{E0C37A45-B7FD-4603-B0D1-931F42AFA553}.Release|x86.Build.0 = Release|Any CPU
		{BE0F297A-C084-4959-AE4D-68709C415AA1}.Debug|Any CPU.ActiveCfg = Debug|Any CPU
		{BE0F297A-C084-4959-AE4D-68709C415AA1}.Debug|Any CPU.Build.0 = Debug|Any CPU
		{BE0F297A-C084-4959-AE4D-68709C415AA1}.Debug|ARM.ActiveCfg = Debug|Any CPU
		{BE0F297A-C084-4959-AE4D-68709C415AA1}.Debug|ARM.Build.0 = Debug|Any CPU
		{BE0F297A-C084-4959-AE4D-68709C415AA1}.Debug|x86.ActiveCfg = Debug|Any CPU
		{BE0F297A-C084-4959-AE4D-68709C415AA1}.Debug|x86.Build.0 = Debug|Any CPU
		{BE0F297A-C084-4959-AE4D-68709C415AA1}.Release|Any CPU.ActiveCfg = Release|Any CPU
		{BE0F297A-C084-4959-AE4D-68709C415AA1}.Release|Any CPU.Build.0 = Release|Any CPU
		{BE0F297A-C084-4959-AE4D-68709C415AA1}.Release|ARM.ActiveCfg = Release|Any CPU
		{BE0F297A-C084-4959-AE4D-68709C415AA1}.Release|ARM.Build.0 = Release|Any CPU
		{BE0F297A-C084-4959-AE4D-68709C415AA1}.Release|x86.ActiveCfg = Release|Any CPU
		{BE0F297A-C084-4959-AE4D-68709C415AA1}.Release|x86.Build.0 = Release|Any CPU
		{D80DA533-10E6-41EA-8C1B-C4BCC3E5503B}.Debug|Any CPU.ActiveCfg = Debug|Any CPU
		{D80DA533-10E6-41EA-8C1B-C4BCC3E5503B}.Debug|Any CPU.Build.0 = Debug|Any CPU
		{D80DA533-10E6-41EA-8C1B-C4BCC3E5503B}.Debug|ARM.ActiveCfg = Debug|Any CPU
		{D80DA533-10E6-41EA-8C1B-C4BCC3E5503B}.Debug|ARM.Build.0 = Debug|Any CPU
		{D80DA533-10E6-41EA-8C1B-C4BCC3E5503B}.Debug|x86.ActiveCfg = Debug|Any CPU
		{D80DA533-10E6-41EA-8C1B-C4BCC3E5503B}.Debug|x86.Build.0 = Debug|Any CPU
		{D80DA533-10E6-41EA-8C1B-C4BCC3E5503B}.Release|Any CPU.ActiveCfg = Release|Any CPU
		{D80DA533-10E6-41EA-8C1B-C4BCC3E5503B}.Release|Any CPU.Build.0 = Release|Any CPU
		{D80DA533-10E6-41EA-8C1B-C4BCC3E5503B}.Release|ARM.ActiveCfg = Release|Any CPU
		{D80DA533-10E6-41EA-8C1B-C4BCC3E5503B}.Release|ARM.Build.0 = Release|Any CPU
		{D80DA533-10E6-41EA-8C1B-C4BCC3E5503B}.Release|x86.ActiveCfg = Release|Any CPU
		{D80DA533-10E6-41EA-8C1B-C4BCC3E5503B}.Release|x86.Build.0 = Release|Any CPU
		{0F3C1357-7B37-4B4A-8F99-E9116DCCD54E}.Debug|Any CPU.ActiveCfg = Debug|Any CPU
		{0F3C1357-7B37-4B4A-8F99-E9116DCCD54E}.Debug|Any CPU.Build.0 = Debug|Any CPU
		{0F3C1357-7B37-4B4A-8F99-E9116DCCD54E}.Debug|ARM.ActiveCfg = Debug|Any CPU
		{0F3C1357-7B37-4B4A-8F99-E9116DCCD54E}.Debug|ARM.Build.0 = Debug|Any CPU
		{0F3C1357-7B37-4B4A-8F99-E9116DCCD54E}.Debug|x86.ActiveCfg = Debug|Any CPU
		{0F3C1357-7B37-4B4A-8F99-E9116DCCD54E}.Debug|x86.Build.0 = Debug|Any CPU
		{0F3C1357-7B37-4B4A-8F99-E9116DCCD54E}.Release|Any CPU.ActiveCfg = Release|Any CPU
		{0F3C1357-7B37-4B4A-8F99-E9116DCCD54E}.Release|Any CPU.Build.0 = Release|Any CPU
		{0F3C1357-7B37-4B4A-8F99-E9116DCCD54E}.Release|ARM.ActiveCfg = Release|Any CPU
		{0F3C1357-7B37-4B4A-8F99-E9116DCCD54E}.Release|ARM.Build.0 = Release|Any CPU
		{0F3C1357-7B37-4B4A-8F99-E9116DCCD54E}.Release|x86.ActiveCfg = Release|Any CPU
		{0F3C1357-7B37-4B4A-8F99-E9116DCCD54E}.Release|x86.Build.0 = Release|Any CPU
		{833CD0DC-15C1-4D0B-BD97-6E05B51A37CB}.Debug|Any CPU.ActiveCfg = Debug|Any CPU
		{833CD0DC-15C1-4D0B-BD97-6E05B51A37CB}.Debug|Any CPU.Build.0 = Debug|Any CPU
		{833CD0DC-15C1-4D0B-BD97-6E05B51A37CB}.Debug|ARM.ActiveCfg = Debug|Any CPU
		{833CD0DC-15C1-4D0B-BD97-6E05B51A37CB}.Debug|ARM.Build.0 = Debug|Any CPU
		{833CD0DC-15C1-4D0B-BD97-6E05B51A37CB}.Debug|x86.ActiveCfg = Debug|Any CPU
		{833CD0DC-15C1-4D0B-BD97-6E05B51A37CB}.Debug|x86.Build.0 = Debug|Any CPU
		{833CD0DC-15C1-4D0B-BD97-6E05B51A37CB}.Release|Any CPU.ActiveCfg = Release|Any CPU
		{833CD0DC-15C1-4D0B-BD97-6E05B51A37CB}.Release|Any CPU.Build.0 = Release|Any CPU
		{833CD0DC-15C1-4D0B-BD97-6E05B51A37CB}.Release|ARM.ActiveCfg = Release|Any CPU
		{833CD0DC-15C1-4D0B-BD97-6E05B51A37CB}.Release|ARM.Build.0 = Release|Any CPU
		{833CD0DC-15C1-4D0B-BD97-6E05B51A37CB}.Release|x86.ActiveCfg = Release|Any CPU
		{833CD0DC-15C1-4D0B-BD97-6E05B51A37CB}.Release|x86.Build.0 = Release|Any CPU
		{45011749-94FF-4DAD-BDEF-AC228875A78E}.Debug|Any CPU.ActiveCfg = Debug|Any CPU
		{45011749-94FF-4DAD-BDEF-AC228875A78E}.Debug|Any CPU.Build.0 = Debug|Any CPU
		{45011749-94FF-4DAD-BDEF-AC228875A78E}.Debug|ARM.ActiveCfg = Debug|Any CPU
		{45011749-94FF-4DAD-BDEF-AC228875A78E}.Debug|ARM.Build.0 = Debug|Any CPU
		{45011749-94FF-4DAD-BDEF-AC228875A78E}.Debug|x86.ActiveCfg = Debug|Any CPU
		{45011749-94FF-4DAD-BDEF-AC228875A78E}.Debug|x86.Build.0 = Debug|Any CPU
		{45011749-94FF-4DAD-BDEF-AC228875A78E}.Release|Any CPU.ActiveCfg = Release|Any CPU
		{45011749-94FF-4DAD-BDEF-AC228875A78E}.Release|Any CPU.Build.0 = Release|Any CPU
		{45011749-94FF-4DAD-BDEF-AC228875A78E}.Release|ARM.ActiveCfg = Release|Any CPU
		{45011749-94FF-4DAD-BDEF-AC228875A78E}.Release|ARM.Build.0 = Release|Any CPU
		{45011749-94FF-4DAD-BDEF-AC228875A78E}.Release|x86.ActiveCfg = Release|Any CPU
		{45011749-94FF-4DAD-BDEF-AC228875A78E}.Release|x86.Build.0 = Release|Any CPU
		{C6527B3C-B42C-4CEE-8B10-D8FF8483B568}.Debug|Any CPU.ActiveCfg = Debug|Any CPU
		{C6527B3C-B42C-4CEE-8B10-D8FF8483B568}.Debug|Any CPU.Build.0 = Debug|Any CPU
		{C6527B3C-B42C-4CEE-8B10-D8FF8483B568}.Debug|ARM.ActiveCfg = Debug|Any CPU
		{C6527B3C-B42C-4CEE-8B10-D8FF8483B568}.Debug|ARM.Build.0 = Debug|Any CPU
		{C6527B3C-B42C-4CEE-8B10-D8FF8483B568}.Debug|x86.ActiveCfg = Debug|Any CPU
		{C6527B3C-B42C-4CEE-8B10-D8FF8483B568}.Debug|x86.Build.0 = Debug|Any CPU
		{C6527B3C-B42C-4CEE-8B10-D8FF8483B568}.Release|Any CPU.ActiveCfg = Release|Any CPU
		{C6527B3C-B42C-4CEE-8B10-D8FF8483B568}.Release|Any CPU.Build.0 = Release|Any CPU
		{C6527B3C-B42C-4CEE-8B10-D8FF8483B568}.Release|ARM.ActiveCfg = Release|Any CPU
		{C6527B3C-B42C-4CEE-8B10-D8FF8483B568}.Release|ARM.Build.0 = Release|Any CPU
		{C6527B3C-B42C-4CEE-8B10-D8FF8483B568}.Release|x86.ActiveCfg = Release|Any CPU
		{C6527B3C-B42C-4CEE-8B10-D8FF8483B568}.Release|x86.Build.0 = Release|Any CPU
		{C88BEEEF-498D-46AE-A4AC-59A6F1EEDCCF}.Debug|Any CPU.ActiveCfg = Debug|Any CPU
		{C88BEEEF-498D-46AE-A4AC-59A6F1EEDCCF}.Debug|Any CPU.Build.0 = Debug|Any CPU
		{C88BEEEF-498D-46AE-A4AC-59A6F1EEDCCF}.Debug|ARM.ActiveCfg = Debug|Any CPU
		{C88BEEEF-498D-46AE-A4AC-59A6F1EEDCCF}.Debug|ARM.Build.0 = Debug|Any CPU
		{C88BEEEF-498D-46AE-A4AC-59A6F1EEDCCF}.Debug|x86.ActiveCfg = Debug|Any CPU
		{C88BEEEF-498D-46AE-A4AC-59A6F1EEDCCF}.Debug|x86.Build.0 = Debug|Any CPU
		{C88BEEEF-498D-46AE-A4AC-59A6F1EEDCCF}.Release|Any CPU.ActiveCfg = Release|Any CPU
		{C88BEEEF-498D-46AE-A4AC-59A6F1EEDCCF}.Release|Any CPU.Build.0 = Release|Any CPU
		{C88BEEEF-498D-46AE-A4AC-59A6F1EEDCCF}.Release|ARM.ActiveCfg = Release|Any CPU
		{C88BEEEF-498D-46AE-A4AC-59A6F1EEDCCF}.Release|ARM.Build.0 = Release|Any CPU
		{C88BEEEF-498D-46AE-A4AC-59A6F1EEDCCF}.Release|x86.ActiveCfg = Release|Any CPU
		{C88BEEEF-498D-46AE-A4AC-59A6F1EEDCCF}.Release|x86.Build.0 = Release|Any CPU
		{AB5C40DD-D2F2-4BBE-A7F9-1369A7A4AE8D}.Debug|Any CPU.ActiveCfg = Debug|Any CPU
		{AB5C40DD-D2F2-4BBE-A7F9-1369A7A4AE8D}.Debug|Any CPU.Build.0 = Debug|Any CPU
		{AB5C40DD-D2F2-4BBE-A7F9-1369A7A4AE8D}.Debug|ARM.ActiveCfg = Debug|Any CPU
		{AB5C40DD-D2F2-4BBE-A7F9-1369A7A4AE8D}.Debug|ARM.Build.0 = Debug|Any CPU
		{AB5C40DD-D2F2-4BBE-A7F9-1369A7A4AE8D}.Debug|x86.ActiveCfg = Debug|Any CPU
		{AB5C40DD-D2F2-4BBE-A7F9-1369A7A4AE8D}.Debug|x86.Build.0 = Debug|Any CPU
		{AB5C40DD-D2F2-4BBE-A7F9-1369A7A4AE8D}.Release|Any CPU.ActiveCfg = Release|Any CPU
		{AB5C40DD-D2F2-4BBE-A7F9-1369A7A4AE8D}.Release|Any CPU.Build.0 = Release|Any CPU
		{AB5C40DD-D2F2-4BBE-A7F9-1369A7A4AE8D}.Release|ARM.ActiveCfg = Release|Any CPU
		{AB5C40DD-D2F2-4BBE-A7F9-1369A7A4AE8D}.Release|ARM.Build.0 = Release|Any CPU
		{AB5C40DD-D2F2-4BBE-A7F9-1369A7A4AE8D}.Release|x86.ActiveCfg = Release|Any CPU
		{AB5C40DD-D2F2-4BBE-A7F9-1369A7A4AE8D}.Release|x86.Build.0 = Release|Any CPU
		{274ED3FB-FDED-4145-A836-768C0C2F63CD}.Debug|Any CPU.ActiveCfg = Debug|Any CPU
		{274ED3FB-FDED-4145-A836-768C0C2F63CD}.Debug|Any CPU.Build.0 = Debug|Any CPU
		{274ED3FB-FDED-4145-A836-768C0C2F63CD}.Debug|ARM.ActiveCfg = Debug|Any CPU
		{274ED3FB-FDED-4145-A836-768C0C2F63CD}.Debug|ARM.Build.0 = Debug|Any CPU
		{274ED3FB-FDED-4145-A836-768C0C2F63CD}.Debug|x86.ActiveCfg = Debug|Any CPU
		{274ED3FB-FDED-4145-A836-768C0C2F63CD}.Debug|x86.Build.0 = Debug|Any CPU
		{274ED3FB-FDED-4145-A836-768C0C2F63CD}.Release|Any CPU.ActiveCfg = Release|Any CPU
		{274ED3FB-FDED-4145-A836-768C0C2F63CD}.Release|Any CPU.Build.0 = Release|Any CPU
		{274ED3FB-FDED-4145-A836-768C0C2F63CD}.Release|ARM.ActiveCfg = Release|Any CPU
		{274ED3FB-FDED-4145-A836-768C0C2F63CD}.Release|ARM.Build.0 = Release|Any CPU
		{274ED3FB-FDED-4145-A836-768C0C2F63CD}.Release|x86.ActiveCfg = Release|Any CPU
		{274ED3FB-FDED-4145-A836-768C0C2F63CD}.Release|x86.Build.0 = Release|Any CPU
		{5EDA9544-65F9-4F23-9981-F10855BEDFAB}.Debug|Any CPU.ActiveCfg = Debug|Any CPU
		{5EDA9544-65F9-4F23-9981-F10855BEDFAB}.Debug|Any CPU.Build.0 = Debug|Any CPU
		{5EDA9544-65F9-4F23-9981-F10855BEDFAB}.Debug|ARM.ActiveCfg = Debug|Any CPU
		{5EDA9544-65F9-4F23-9981-F10855BEDFAB}.Debug|ARM.Build.0 = Debug|Any CPU
		{5EDA9544-65F9-4F23-9981-F10855BEDFAB}.Debug|x86.ActiveCfg = Debug|Any CPU
		{5EDA9544-65F9-4F23-9981-F10855BEDFAB}.Debug|x86.Build.0 = Debug|Any CPU
		{5EDA9544-65F9-4F23-9981-F10855BEDFAB}.Release|Any CPU.ActiveCfg = Release|Any CPU
		{5EDA9544-65F9-4F23-9981-F10855BEDFAB}.Release|Any CPU.Build.0 = Release|Any CPU
		{5EDA9544-65F9-4F23-9981-F10855BEDFAB}.Release|ARM.ActiveCfg = Release|Any CPU
		{5EDA9544-65F9-4F23-9981-F10855BEDFAB}.Release|ARM.Build.0 = Release|Any CPU
		{5EDA9544-65F9-4F23-9981-F10855BEDFAB}.Release|x86.ActiveCfg = Release|Any CPU
		{5EDA9544-65F9-4F23-9981-F10855BEDFAB}.Release|x86.Build.0 = Release|Any CPU
	EndGlobalSection
	GlobalSection(SolutionProperties) = preSolution
		HideSolutionNode = FALSE
	EndGlobalSection
	GlobalSection(NestedProjects) = preSolution
		{05D4B0A9-B451-47B1-9654-5C0244966F14} = {42E2F6CA-200F-471D-B92A-4D0961AB35E8}
		{5C37BAF1-EEB0-4A1E-878D-AA1CF641F8BC} = {42E2F6CA-200F-471D-B92A-4D0961AB35E8}
		{4D03067A-1315-4163-887E-AB63FDBF835D} = {42E2F6CA-200F-471D-B92A-4D0961AB35E8}
		{CEA8BB99-9E86-4594-99E2-9D0B43036EAF} = {42E2F6CA-200F-471D-B92A-4D0961AB35E8}
		{1494E8D3-905F-4A33-A4CA-4C320A9282F7} = {42E2F6CA-200F-471D-B92A-4D0961AB35E8}
		{B9B987C5-66F6-4DC9-A628-00E2A836A1A7} = {42E2F6CA-200F-471D-B92A-4D0961AB35E8}
		{BB497D73-682B-47C4-AFC3-9DF5D8A52D23} = {1494E8D3-905F-4A33-A4CA-4C320A9282F7}
		{9B101234-5EFA-4BEF-B58E-EA08CAD81159} = {1494E8D3-905F-4A33-A4CA-4C320A9282F7}
		{81494F46-BE40-4F43-BF97-B856A1D1AA87} = {1494E8D3-905F-4A33-A4CA-4C320A9282F7}
		{E0C37A45-B7FD-4603-B0D1-931F42AFA553} = {1494E8D3-905F-4A33-A4CA-4C320A9282F7}
		{51193157-69C2-4BB0-B5F1-D3E1B5960245} = {42E2F6CA-200F-471D-B92A-4D0961AB35E8}
		{BE0F297A-C084-4959-AE4D-68709C415AA1} = {42E2F6CA-200F-471D-B92A-4D0961AB35E8}
		{D80DA533-10E6-41EA-8C1B-C4BCC3E5503B} = {42E2F6CA-200F-471D-B92A-4D0961AB35E8}
		{0F3C1357-7B37-4B4A-8F99-E9116DCCD54E} = {29BF66BA-1E0D-4550-BAA5-8917E558A6D1}
		{833CD0DC-15C1-4D0B-BD97-6E05B51A37CB} = {42E2F6CA-200F-471D-B92A-4D0961AB35E8}
		{45011749-94FF-4DAD-BDEF-AC228875A78E} = {42E2F6CA-200F-471D-B92A-4D0961AB35E8}
		{C6527B3C-B42C-4CEE-8B10-D8FF8483B568} = {42E2F6CA-200F-471D-B92A-4D0961AB35E8}
		{C88BEEEF-498D-46AE-A4AC-59A6F1EEDCCF} = {1494E8D3-905F-4A33-A4CA-4C320A9282F7}
		{AB5C40DD-D2F2-4BBE-A7F9-1369A7A4AE8D} = {42E2F6CA-200F-471D-B92A-4D0961AB35E8}
		{274ED3FB-FDED-4145-A836-768C0C2F63CD} = {42E2F6CA-200F-471D-B92A-4D0961AB35E8}
		{5EDA9544-65F9-4F23-9981-F10855BEDFAB} = {42E2F6CA-200F-471D-B92A-4D0961AB35E8}
	EndGlobalSection
EndGlobal
